Microsoft Visual Studio Solution File, Format Version 10.00
# Visual Studio 2008
Project("{8BC9CEB8-8B4A-11D0-8D11-00A0C91BC942}") = "ALL_BUILD", "ALL_BUILD.vcproj", "{E3AA240D-FEBD-396B-B700-851189651767}"
	ProjectSection(ProjectDependencies) = postProject
		{620A66B2-70ED-3FE1-A5F8-630FF2C57743} = {620A66B2-70ED-3FE1-A5F8-630FF2C57743}
		{1EC52592-7420-381F-BAEF-3CD9FEE94D80} = {1EC52592-7420-381F-BAEF-3CD9FEE94D80}
		{2FD095B6-7D65-351D-A58B-789B2CBEDEF7} = {2FD095B6-7D65-351D-A58B-789B2CBEDEF7}
		{AB0E205E-E110-305A-8292-4A2750A7CFF3} = {AB0E205E-E110-305A-8292-4A2750A7CFF3}
		{ECF5BB16-CBF4-3D8D-82CD-15C33EED0DF8} = {ECF5BB16-CBF4-3D8D-82CD-15C33EED0DF8}
		{93C6A4ED-B784-3B2C-A264-AB7C03D6B5DE} = {93C6A4ED-B784-3B2C-A264-AB7C03D6B5DE}
		{0164BB48-CD26-395E-8224-FE017EE05DE8} = {0164BB48-CD26-395E-8224-FE017EE05DE8}
		{9B24FA7A-C9AE-327E-AA36-A32CB6097171} = {9B24FA7A-C9AE-327E-AA36-A32CB6097171}
		{85FB92AE-AA9A-3929-B34B-5CECF0A002D9} = {85FB92AE-AA9A-3929-B34B-5CECF0A002D9}
		{B6DD930A-4181-35E1-9CA4-C6FFC17FFC96} = {B6DD930A-4181-35E1-9CA4-C6FFC17FFC96}
		{886E28E1-6B41-3613-A28E-C9B0DF82AD01} = {886E28E1-6B41-3613-A28E-C9B0DF82AD01}
		{55788A22-809C-3E7B-8EE2-B0FFC19E846A} = {55788A22-809C-3E7B-8EE2-B0FFC19E846A}
		{A1392989-6C37-3CBE-9933-3B6CE1214616} = {A1392989-6C37-3CBE-9933-3B6CE1214616}
		{F691C362-6D6A-394F-B502-976624BAC5D7} = {F691C362-6D6A-394F-B502-976624BAC5D7}
		{239B5B06-1E03-3361-910B-FE26FE9B1459} = {239B5B06-1E03-3361-910B-FE26FE9B1459}
		{993B50A2-6D5D-32CB-93C0-F882CF3D5984} = {993B50A2-6D5D-32CB-93C0-F882CF3D5984}
		{D5F3310D-6043-3665-A144-A9DF9B5DD48D} = {D5F3310D-6043-3665-A144-A9DF9B5DD48D}
		{BF2BC4A1-5987-350E-B545-80F84EC42B16} = {BF2BC4A1-5987-350E-B545-80F84EC42B16}
		{80791B6E-302B-34C8-869B-4FF1E164B7D2} = {80791B6E-302B-34C8-869B-4FF1E164B7D2}
		{D0239CFB-916B-3AE6-B97E-278C5C2D4220} = {D0239CFB-916B-3AE6-B97E-278C5C2D4220}
		{B066632D-1F44-35DD-8DEB-E11AB760D62C} = {B066632D-1F44-35DD-8DEB-E11AB760D62C}
		{323AB3C1-DE6C-3BD5-91A6-7E8EF9A9DCDE} = {323AB3C1-DE6C-3BD5-91A6-7E8EF9A9DCDE}
		{107849F0-644D-3DE2-84D9-8D3CF1413E2B} = {107849F0-644D-3DE2-84D9-8D3CF1413E2B}
		{A2DA5B2B-8BDD-3685-BFC7-8540B5DDB625} = {A2DA5B2B-8BDD-3685-BFC7-8540B5DDB625}
		{963022AC-5C71-39BD-AC90-5F028C0DCE8A} = {963022AC-5C71-39BD-AC90-5F028C0DCE8A}
		{6B926CDE-6257-3D96-BAEC-5A8195ABE87E} = {6B926CDE-6257-3D96-BAEC-5A8195ABE87E}
		{84712024-D7E2-3298-9C3C-30C334F94BE1} = {84712024-D7E2-3298-9C3C-30C334F94BE1}
		{69677B9E-DA15-3B66-BF87-7A1C9CFCB367} = {69677B9E-DA15-3B66-BF87-7A1C9CFCB367}
		{893F0968-4F42-37AB-AC4A-51D61A3633C2} = {893F0968-4F42-37AB-AC4A-51D61A3633C2}
		{26E415D2-C699-35B7-B736-FC018EAF80A4} = {26E415D2-C699-35B7-B736-FC018EAF80A4}
		{D862492B-D38A-3349-9856-0FEE731120E2} = {D862492B-D38A-3349-9856-0FEE731120E2}
		{F06A1F92-AC91-32DA-BBB8-F048E798AB04} = {F06A1F92-AC91-32DA-BBB8-F048E798AB04}
		{0F8F81BD-5210-3D29-BB3F-F21697C6CCF7} = {0F8F81BD-5210-3D29-BB3F-F21697C6CCF7}
		{050B374C-B4EF-3584-B25A-3163B526BC9C} = {050B374C-B4EF-3584-B25A-3163B526BC9C}
		{07703E3D-F8AA-3D16-87C4-7C9A7998526A} = {07703E3D-F8AA-3D16-87C4-7C9A7998526A}
		{969CF888-83D3-35CA-8D7E-79BD25BDA125} = {969CF888-83D3-35CA-8D7E-79BD25BDA125}
		{26CC50CA-18A4-30FA-BBD1-3D9EEE3E3121} = {26CC50CA-18A4-30FA-BBD1-3D9EEE3E3121}
		{5A3F3638-BE25-3503-891C-901FF6A5D89D} = {5A3F3638-BE25-3503-891C-901FF6A5D89D}
		{307A758E-EECD-38BA-881A-F80DA99C5E3C} = {307A758E-EECD-38BA-881A-F80DA99C5E3C}
		{F19B2BF0-DAC8-391C-970A-9F5DD9915322} = {F19B2BF0-DAC8-391C-970A-9F5DD9915322}
		{F892037B-6B46-3DDC-B2E5-3886B92CE400} = {F892037B-6B46-3DDC-B2E5-3886B92CE400}
		{AE6D7631-8564-3E8B-AB54-09F6BC5C1559} = {AE6D7631-8564-3E8B-AB54-09F6BC5C1559}
		{51413443-D329-39BF-ACB0-41BEA0C0F657} = {51413443-D329-39BF-ACB0-41BEA0C0F657}
		{5591C043-08D5-389B-899B-0BF6BD264B8E} = {5591C043-08D5-389B-899B-0BF6BD264B8E}
		{0D11ACC6-FD7B-37CD-B729-F48A3F46A3FA} = {0D11ACC6-FD7B-37CD-B729-F48A3F46A3FA}
		{A76DDB2F-29C7-37FB-A339-0EB3D5281AA8} = {A76DDB2F-29C7-37FB-A339-0EB3D5281AA8}
		{372B291F-BFC6-3C54-8F53-399192C68625} = {372B291F-BFC6-3C54-8F53-399192C68625}
		{D1B85ECB-1494-350C-9215-B8BA02DC2433} = {D1B85ECB-1494-350C-9215-B8BA02DC2433}
		{72913690-D8AA-31EF-A814-6FE1EA16FB8D} = {72913690-D8AA-31EF-A814-6FE1EA16FB8D}
		{E15B05E4-A1DE-32DB-ABB4-69D7CDDB6FD0} = {E15B05E4-A1DE-32DB-ABB4-69D7CDDB6FD0}
		{E878A7A3-AA7E-3D0A-887E-3725EA3AF44F} = {E878A7A3-AA7E-3D0A-887E-3725EA3AF44F}
		{4DE5961B-5AE6-3C52-86D7-80BE54CDDE2B} = {4DE5961B-5AE6-3C52-86D7-80BE54CDDE2B}
		{21EEE6CC-E6BE-337E-BA3B-0758BACDF94D} = {21EEE6CC-E6BE-337E-BA3B-0758BACDF94D}
		{10A6F01D-D81F-36FC-B7FD-86AAA5B8F655} = {10A6F01D-D81F-36FC-B7FD-86AAA5B8F655}
		{C1D95980-2B70-3027-A32C-CF534121DB9D} = {C1D95980-2B70-3027-A32C-CF534121DB9D}
		{29DEA1A0-1F9A-3DD6-BC01-FC18FFE83959} = {29DEA1A0-1F9A-3DD6-BC01-FC18FFE83959}
		{B5446D15-99C3-3652-932E-E1AAE82E2384} = {B5446D15-99C3-3652-932E-E1AAE82E2384}
		{1EE658CF-6C4B-3153-89B9-3520AEB2FB84} = {1EE658CF-6C4B-3153-89B9-3520AEB2FB84}
		{65141A5A-782A-308E-A00E-51DEB162811F} = {65141A5A-782A-308E-A00E-51DEB162811F}
		{D6B359DA-95B5-3698-893A-0F226C5E44EB} = {D6B359DA-95B5-3698-893A-0F226C5E44EB}
		{03A586F8-9AB2-3C07-9813-B4D040D618ED} = {03A586F8-9AB2-3C07-9813-B4D040D618ED}
		{47E404F5-741E-3769-9888-A1CD90A55DE4} = {47E404F5-741E-3769-9888-A1CD90A55DE4}
		{CC8A67BB-AF90-3E1E-A63B-C17FC59FD134} = {CC8A67BB-AF90-3E1E-A63B-C17FC59FD134}
		{831A084A-BA94-36CA-867D-CE351FCBF066} = {831A084A-BA94-36CA-867D-CE351FCBF066}
		{9F18E7B5-D479-3EFC-B5BD-E6A076CC7169} = {9F18E7B5-D479-3EFC-B5BD-E6A076CC7169}
		{BA4821A5-DA2A-3010-8CB0-47C8F8016733} = {BA4821A5-DA2A-3010-8CB0-47C8F8016733}
		{246589E7-AF49-357C-8282-6999A2825D16} = {246589E7-AF49-357C-8282-6999A2825D16}
		{486D6B24-6AA9-33B5-B274-9F5FBCB2C0AA} = {486D6B24-6AA9-33B5-B274-9F5FBCB2C0AA}
		{9032D030-0482-37E3-9FB9-E28CE5369800} = {9032D030-0482-37E3-9FB9-E28CE5369800}
		{E626010D-0802-3415-BBD6-C653B8B4024B} = {E626010D-0802-3415-BBD6-C653B8B4024B}
		{D71CC50E-040D-3344-AB36-6BDD7986B73B} = {D71CC50E-040D-3344-AB36-6BDD7986B73B}
		{43023B6C-B2AA-3416-A616-82E4FE3F9467} = {43023B6C-B2AA-3416-A616-82E4FE3F9467}
		{0EB3AEAB-E8CC-3429-9E52-E483DEFC209E} = {0EB3AEAB-E8CC-3429-9E52-E483DEFC209E}
		{97D34D9E-0516-35B9-85CC-3809223B3701} = {97D34D9E-0516-35B9-85CC-3809223B3701}
		{8725FCC3-B74C-32D4-9E96-ECB85530EA1E} = {8725FCC3-B74C-32D4-9E96-ECB85530EA1E}
		{E3F56F55-5D05-38F2-9E0F-3DF1BABC39C5} = {E3F56F55-5D05-38F2-9E0F-3DF1BABC39C5}
		{DCE53B9F-B1CA-352D-9CAB-3B2D3EC06AF1} = {DCE53B9F-B1CA-352D-9CAB-3B2D3EC06AF1}
		{0BF63B13-B077-377A-8725-D31C260907BF} = {0BF63B13-B077-377A-8725-D31C260907BF}
		{A0C30617-3F1D-3F29-9181-1C40192BB174} = {A0C30617-3F1D-3F29-9181-1C40192BB174}
		{F5F74DFF-8700-3515-909E-DCD389ED4B2F} = {F5F74DFF-8700-3515-909E-DCD389ED4B2F}
		{1B55FE62-12C9-32B2-9F04-E2D2B99452B2} = {1B55FE62-12C9-32B2-9F04-E2D2B99452B2}
		{D2A025F1-8A43-3A4F-A1F9-203E43889170} = {D2A025F1-8A43-3A4F-A1F9-203E43889170}
		{5BDC343A-6684-33CF-A743-52129915E450} = {5BDC343A-6684-33CF-A743-52129915E450}
		{BF8B698A-90D9-3E93-902F-CBC22C951F9C} = {BF8B698A-90D9-3E93-902F-CBC22C951F9C}
		{8C07256D-BD09-3226-AA66-A87A3B59241D} = {8C07256D-BD09-3226-AA66-A87A3B59241D}
		{35F6D61D-280E-39A2-8761-19678E4A6BBE} = {35F6D61D-280E-39A2-8761-19678E4A6BBE}
		{E1B8B9DE-A142-3F61-BCFE-94F90A40B8C4} = {E1B8B9DE-A142-3F61-BCFE-94F90A40B8C4}
		{7F7EFB73-E15A-3D81-87B9-B696297842ED} = {7F7EFB73-E15A-3D81-87B9-B696297842ED}
		{C9E785B5-28D1-393C-9D93-F95F7AD5E45F} = {C9E785B5-28D1-393C-9D93-F95F7AD5E45F}
		{D755168D-158B-3569-B29B-67CC4A2C21FF} = {D755168D-158B-3569-B29B-67CC4A2C21FF}
		{2C28C6DC-4876-3FE7-978E-12BFA44B2D55} = {2C28C6DC-4876-3FE7-978E-12BFA44B2D55}
		{DF06B116-477C-3433-B98D-501B97DB1589} = {DF06B116-477C-3433-B98D-501B97DB1589}
		{210BD414-8196-3ABE-932A-AEA17A1BB9B6} = {210BD414-8196-3ABE-932A-AEA17A1BB9B6}
		{EA1AF515-EACC-34D6-8CBC-39569B0F0F56} = {EA1AF515-EACC-34D6-8CBC-39569B0F0F56}
		{80F9D4EB-0BF1-36E2-8A89-0D55D7FF4C26} = {80F9D4EB-0BF1-36E2-8A89-0D55D7FF4C26}
		{18928553-6793-349A-BAE7-EA5C837A450B} = {18928553-6793-349A-BAE7-EA5C837A450B}
		{43B6289E-98B6-34AC-9128-E0F82F0B1885} = {43B6289E-98B6-34AC-9128-E0F82F0B1885}
		{1FE09514-67D2-3F6C-BC4C-BDCDDBBC4B3F} = {1FE09514-67D2-3F6C-BC4C-BDCDDBBC4B3F}
		{8B276E9A-3C9A-3D02-AF65-CE2398B1743C} = {8B276E9A-3C9A-3D02-AF65-CE2398B1743C}
		{02D41E85-9998-311B-8A62-F608D6257264} = {02D41E85-9998-311B-8A62-F608D6257264}
		{85AB14E3-6244-3F77-AAB6-17F532D7DC6C} = {85AB14E3-6244-3F77-AAB6-17F532D7DC6C}
		{D12F482F-CDEB-3528-8223-09F4353B2006} = {D12F482F-CDEB-3528-8223-09F4353B2006}
		{96A480C7-613B-3B2B-974F-21DA73060FE4} = {96A480C7-613B-3B2B-974F-21DA73060FE4}
		{49FBF462-0DE9-3D8F-974F-E0FD782D53D9} = {49FBF462-0DE9-3D8F-974F-E0FD782D53D9}
		{F1F45D5A-6A84-320E-98FC-863525F4741F} = {F1F45D5A-6A84-320E-98FC-863525F4741F}
		{38A807D2-5C39-3A83-AFB2-87AA5D4DE047} = {38A807D2-5C39-3A83-AFB2-87AA5D4DE047}
		{A8EF780D-B61F-3F65-B30A-0F06A4D2701E} = {A8EF780D-B61F-3F65-B30A-0F06A4D2701E}
		{79AE3E13-9565-383D-9A71-57FF1C588563} = {79AE3E13-9565-383D-9A71-57FF1C588563}
		{E1E9929A-3AE6-32A1-BC9F-D208F1102EE6} = {E1E9929A-3AE6-32A1-BC9F-D208F1102EE6}
		{C954E0A6-680D-3C7A-89A0-67A85E4B391E} = {C954E0A6-680D-3C7A-89A0-67A85E4B391E}
		{35D77D1B-D99C-3665-8D7F-7A9B6122B1EC} = {35D77D1B-D99C-3665-8D7F-7A9B6122B1EC}
		{0BB1BB38-AC23-3A3A-BAB5-A62EF75DE6B2} = {0BB1BB38-AC23-3A3A-BAB5-A62EF75DE6B2}
		{345DB1AE-EA3D-3D2D-9825-96F1CDD28644} = {345DB1AE-EA3D-3D2D-9825-96F1CDD28644}
		{4D298DCA-135C-3925-8343-5EA25D06DAC5} = {4D298DCA-135C-3925-8343-5EA25D06DAC5}
		{236082EC-A813-3367-A841-452B4C49FAA3} = {236082EC-A813-3367-A841-452B4C49FAA3}
		{C289EEBE-E5EE-3DD5-9C6E-2D87F61DB845} = {C289EEBE-E5EE-3DD5-9C6E-2D87F61DB845}
		{C59F5FBD-7BE9-3342-89C4-BC0CB2927C30} = {C59F5FBD-7BE9-3342-89C4-BC0CB2927C30}
		{6679F4F4-8B5E-3D75-B43C-811A6CE3028E} = {6679F4F4-8B5E-3D75-B43C-811A6CE3028E}
	EndProjectSection
EndProject
Project("{8BC9CEB8-8B4A-11D0-8D11-00A0C91BC942}") = "INSTALL", "INSTALL.vcproj", "{5D357D6B-8E18-3E18-B025-3B30BADFEB0F}"
	ProjectSection(ProjectDependencies) = postProject
		{E3AA240D-FEBD-396B-B700-851189651767} = {E3AA240D-FEBD-396B-B700-851189651767}
		{620A66B2-70ED-3FE1-A5F8-630FF2C57743} = {620A66B2-70ED-3FE1-A5F8-630FF2C57743}
	EndProjectSection
EndProject
Project("{8BC9CEB8-8B4A-11D0-8D11-00A0C91BC942}") = "ZERO_CHECK", "ZERO_CHECK.vcproj", "{620A66B2-70ED-3FE1-A5F8-630FF2C57743}"
	ProjectSection(ProjectDependencies) = postProject
	EndProjectSection
EndProject
Project("{8BC9CEB8-8B4A-11D0-8D11-00A0C91BC942}") = "afinfo", "tests\afinfo.vcproj", "{1EC52592-7420-381F-BAEF-3CD9FEE94D80}"
	ProjectSection(ProjectDependencies) = postProject
		{620A66B2-70ED-3FE1-A5F8-630FF2C57743} = {620A66B2-70ED-3FE1-A5F8-630FF2C57743}
		{ECF5BB16-CBF4-3D8D-82CD-15C33EED0DF8} = {ECF5BB16-CBF4-3D8D-82CD-15C33EED0DF8}
	EndProjectSection
EndProject
Project("{8BC9CEB8-8B4A-11D0-8D11-00A0C91BC942}") = "akaitest", "tests\akaitest.vcproj", "{2FD095B6-7D65-351D-A58B-789B2CBEDEF7}"
	ProjectSection(ProjectDependencies) = postProject
		{620A66B2-70ED-3FE1-A5F8-630FF2C57743} = {620A66B2-70ED-3FE1-A5F8-630FF2C57743}
		{ECF5BB16-CBF4-3D8D-82CD-15C33EED0DF8} = {ECF5BB16-CBF4-3D8D-82CD-15C33EED0DF8}
	EndProjectSection
EndProject
Project("{8BC9CEB8-8B4A-11D0-8D11-00A0C91BC942}") = "aldat", "tools\aldat.vcproj", "{AB0E205E-E110-305A-8292-4A2750A7CFF3}"
	ProjectSection(ProjectDependencies) = postProject
		{620A66B2-70ED-3FE1-A5F8-630FF2C57743} = {620A66B2-70ED-3FE1-A5F8-630FF2C57743}
		{ECF5BB16-CBF4-3D8D-82CD-15C33EED0DF8} = {ECF5BB16-CBF4-3D8D-82CD-15C33EED0DF8}
		{EA1AF515-EACC-34D6-8CBC-39569B0F0F56} = {EA1AF515-EACC-34D6-8CBC-39569B0F0F56}
	EndProjectSection
EndProject
Project("{8BC9CEB8-8B4A-11D0-8D11-00A0C91BC942}") = "allegro", "allegro.vcproj", "{ECF5BB16-CBF4-3D8D-82CD-15C33EED0DF8}"
	ProjectSection(ProjectDependencies) = postProject
		{620A66B2-70ED-3FE1-A5F8-630FF2C57743} = {620A66B2-70ED-3FE1-A5F8-630FF2C57743}
	EndProjectSection
EndProject
Project("{8BC9CEB8-8B4A-11D0-8D11-00A0C91BC942}") = "allegrogl", "addons\allegrogl\allegrogl.vcproj", "{93C6A4ED-B784-3B2C-A264-AB7C03D6B5DE}"
	ProjectSection(ProjectDependencies) = postProject
		{620A66B2-70ED-3FE1-A5F8-630FF2C57743} = {620A66B2-70ED-3FE1-A5F8-630FF2C57743}
		{ECF5BB16-CBF4-3D8D-82CD-15C33EED0DF8} = {ECF5BB16-CBF4-3D8D-82CD-15C33EED0DF8}
	EndProjectSection
EndProject
Project("{8BC9CEB8-8B4A-11D0-8D11-00A0C91BC942}") = "browse_png", "addons\loadpng\browse_png.vcproj", "{0164BB48-CD26-395E-8224-FE017EE05DE8}"
	ProjectSection(ProjectDependencies) = postProject
		{620A66B2-70ED-3FE1-A5F8-630FF2C57743} = {620A66B2-70ED-3FE1-A5F8-630FF2C57743}
		{ECF5BB16-CBF4-3D8D-82CD-15C33EED0DF8} = {ECF5BB16-CBF4-3D8D-82CD-15C33EED0DF8}
		{18928553-6793-349A-BAE7-EA5C837A450B} = {18928553-6793-349A-BAE7-EA5C837A450B}
	EndProjectSection
EndProject
Project("{8BC9CEB8-8B4A-11D0-8D11-00A0C91BC942}") = "colormap", "tools\colormap.vcproj", "{9B24FA7A-C9AE-327E-AA36-A32CB6097171}"
	ProjectSection(ProjectDependencies) = postProject
		{620A66B2-70ED-3FE1-A5F8-630FF2C57743} = {620A66B2-70ED-3FE1-A5F8-630FF2C57743}
		{ECF5BB16-CBF4-3D8D-82CD-15C33EED0DF8} = {ECF5BB16-CBF4-3D8D-82CD-15C33EED0DF8}
	EndProjectSection
EndProject
Project("{8BC9CEB8-8B4A-11D0-8D11-00A0C91BC942}") = "dat", "tools\dat.vcproj", "{85FB92AE-AA9A-3929-B34B-5CECF0A002D9}"
	ProjectSection(ProjectDependencies) = postProject
		{620A66B2-70ED-3FE1-A5F8-630FF2C57743} = {620A66B2-70ED-3FE1-A5F8-630FF2C57743}
		{AB0E205E-E110-305A-8292-4A2750A7CFF3} = {AB0E205E-E110-305A-8292-4A2750A7CFF3}
		{ECF5BB16-CBF4-3D8D-82CD-15C33EED0DF8} = {ECF5BB16-CBF4-3D8D-82CD-15C33EED0DF8}
		{EA1AF515-EACC-34D6-8CBC-39569B0F0F56} = {EA1AF515-EACC-34D6-8CBC-39569B0F0F56}
	EndProjectSection
EndProject
Project("{8BC9CEB8-8B4A-11D0-8D11-00A0C91BC942}") = "dat2c", "tools\dat2c.vcproj", "{B6DD930A-4181-35E1-9CA4-C6FFC17FFC96}"
	ProjectSection(ProjectDependencies) = postProject
		{620A66B2-70ED-3FE1-A5F8-630FF2C57743} = {620A66B2-70ED-3FE1-A5F8-630FF2C57743}
		{ECF5BB16-CBF4-3D8D-82CD-15C33EED0DF8} = {ECF5BB16-CBF4-3D8D-82CD-15C33EED0DF8}
	EndProjectSection
EndProject
Project("{8BC9CEB8-8B4A-11D0-8D11-00A0C91BC942}") = "dat2s", "tools\dat2s.vcproj", "{886E28E1-6B41-3613-A28E-C9B0DF82AD01}"
	ProjectSection(ProjectDependencies) = postProject
		{620A66B2-70ED-3FE1-A5F8-630FF2C57743} = {620A66B2-70ED-3FE1-A5F8-630FF2C57743}
		{AB0E205E-E110-305A-8292-4A2750A7CFF3} = {AB0E205E-E110-305A-8292-4A2750A7CFF3}
		{ECF5BB16-CBF4-3D8D-82CD-15C33EED0DF8} = {ECF5BB16-CBF4-3D8D-82CD-15C33EED0DF8}
		{EA1AF515-EACC-34D6-8CBC-39569B0F0F56} = {EA1AF515-EACC-34D6-8CBC-39569B0F0F56}
	EndProjectSection
EndProject
Project("{8BC9CEB8-8B4A-11D0-8D11-00A0C91BC942}") = "dialog_agl", "addons\allegrogl\dialog_agl.vcproj", "{55788A22-809C-3E7B-8EE2-B0FFC19E846A}"
	ProjectSection(ProjectDependencies) = postProject
		{620A66B2-70ED-3FE1-A5F8-630FF2C57743} = {620A66B2-70ED-3FE1-A5F8-630FF2C57743}
		{ECF5BB16-CBF4-3D8D-82CD-15C33EED0DF8} = {ECF5BB16-CBF4-3D8D-82CD-15C33EED0DF8}
		{93C6A4ED-B784-3B2C-A264-AB7C03D6B5DE} = {93C6A4ED-B784-3B2C-A264-AB7C03D6B5DE}
	EndProjectSection
EndProject
Project("{8BC9CEB8-8B4A-11D0-8D11-00A0C91BC942}") = "dibgrab", "tests\dibgrab.vcproj", "{A1392989-6C37-3CBE-9933-3B6CE1214616}"
	ProjectSection(ProjectDependencies) = postProject
		{620A66B2-70ED-3FE1-A5F8-630FF2C57743} = {620A66B2-70ED-3FE1-A5F8-630FF2C57743}
		{ECF5BB16-CBF4-3D8D-82CD-15C33EED0DF8} = {ECF5BB16-CBF4-3D8D-82CD-15C33EED0DF8}
	EndProjectSection
EndProject
Project("{8BC9CEB8-8B4A-11D0-8D11-00A0C91BC942}") = "dibhello", "tests\dibhello.vcproj", "{F691C362-6D6A-394F-B502-976624BAC5D7}"
	ProjectSection(ProjectDependencies) = postProject
		{620A66B2-70ED-3FE1-A5F8-630FF2C57743} = {620A66B2-70ED-3FE1-A5F8-630FF2C57743}
		{ECF5BB16-CBF4-3D8D-82CD-15C33EED0DF8} = {ECF5BB16-CBF4-3D8D-82CD-15C33EED0DF8}
	EndProjectSection
EndProject
Project("{8BC9CEB8-8B4A-11D0-8D11-00A0C91BC942}") = "dibsound", "tests\dibsound.vcproj", "{239B5B06-1E03-3361-910B-FE26FE9B1459}"
	ProjectSection(ProjectDependencies) = postProject
		{620A66B2-70ED-3FE1-A5F8-630FF2C57743} = {620A66B2-70ED-3FE1-A5F8-630FF2C57743}
		{ECF5BB16-CBF4-3D8D-82CD-15C33EED0DF8} = {ECF5BB16-CBF4-3D8D-82CD-15C33EED0DF8}
	EndProjectSection
EndProject
Project("{8BC9CEB8-8B4A-11D0-8D11-00A0C91BC942}") = "digitest", "tests\digitest.vcproj", "{993B50A2-6D5D-32CB-93C0-F882CF3D5984}"
	ProjectSection(ProjectDependencies) = postProject
		{620A66B2-70ED-3FE1-A5F8-630FF2C57743} = {620A66B2-70ED-3FE1-A5F8-630FF2C57743}
		{ECF5BB16-CBF4-3D8D-82CD-15C33EED0DF8} = {ECF5BB16-CBF4-3D8D-82CD-15C33EED0DF8}
	EndProjectSection
EndProject
Project("{8BC9CEB8-8B4A-11D0-8D11-00A0C91BC942}") = "docs", "docs\docs.vcproj", "{D5F3310D-6043-3665-A144-A9DF9B5DD48D}"
	ProjectSection(ProjectDependencies) = postProject
		{620A66B2-70ED-3FE1-A5F8-630FF2C57743} = {620A66B2-70ED-3FE1-A5F8-630FF2C57743}
		{1FE09514-67D2-3F6C-BC4C-BDCDDBBC4B3F} = {1FE09514-67D2-3F6C-BC4C-BDCDDBBC4B3F}
	EndProjectSection
EndProject
Project("{8BC9CEB8-8B4A-11D0-8D11-00A0C91BC942}") = "dumbtest_agl", "addons\allegrogl\dumbtest_agl.vcproj", "{BF2BC4A1-5987-350E-B545-80F84EC42B16}"
	ProjectSection(ProjectDependencies) = postProject
		{620A66B2-70ED-3FE1-A5F8-630FF2C57743} = {620A66B2-70ED-3FE1-A5F8-630FF2C57743}
		{ECF5BB16-CBF4-3D8D-82CD-15C33EED0DF8} = {ECF5BB16-CBF4-3D8D-82CD-15C33EED0DF8}
		{93C6A4ED-B784-3B2C-A264-AB7C03D6B5DE} = {93C6A4ED-B784-3B2C-A264-AB7C03D6B5DE}
	EndProjectSection
EndProject
Project("{8BC9CEB8-8B4A-11D0-8D11-00A0C91BC942}") = "dxwindow", "tests\dxwindow.vcproj", "{80791B6E-302B-34C8-869B-4FF1E164B7D2}"
	ProjectSection(ProjectDependencies) = postProject
		{620A66B2-70ED-3FE1-A5F8-630FF2C57743} = {620A66B2-70ED-3FE1-A5F8-630FF2C57743}
		{ECF5BB16-CBF4-3D8D-82CD-15C33EED0DF8} = {ECF5BB16-CBF4-3D8D-82CD-15C33EED0DF8}
	EndProjectSection
EndProject
Project("{8BC9CEB8-8B4A-11D0-8D11-00A0C91BC942}") = "ex12bit", "examples\ex12bit.vcproj", "{D0239CFB-916B-3AE6-B97E-278C5C2D4220}"
	ProjectSection(ProjectDependencies) = postProject
		{620A66B2-70ED-3FE1-A5F8-630FF2C57743} = {620A66B2-70ED-3FE1-A5F8-630FF2C57743}
		{ECF5BB16-CBF4-3D8D-82CD-15C33EED0DF8} = {ECF5BB16-CBF4-3D8D-82CD-15C33EED0DF8}
	EndProjectSection
EndProject
Project("{8BC9CEB8-8B4A-11D0-8D11-00A0C91BC942}") = "ex1_jpg", "addons\jpgalleg\ex1_jpg.vcproj", "{B066632D-1F44-35DD-8DEB-E11AB760D62C}"
	ProjectSection(ProjectDependencies) = postProject
		{620A66B2-70ED-3FE1-A5F8-630FF2C57743} = {620A66B2-70ED-3FE1-A5F8-630FF2C57743}
		{ECF5BB16-CBF4-3D8D-82CD-15C33EED0DF8} = {ECF5BB16-CBF4-3D8D-82CD-15C33EED0DF8}
		{EA1AF515-EACC-34D6-8CBC-39569B0F0F56} = {EA1AF515-EACC-34D6-8CBC-39569B0F0F56}
	EndProjectSection
EndProject
Project("{8BC9CEB8-8B4A-11D0-8D11-00A0C91BC942}") = "ex2_jpg", "addons\jpgalleg\ex2_jpg.vcproj", "{323AB3C1-DE6C-3BD5-91A6-7E8EF9A9DCDE}"
	ProjectSection(ProjectDependencies) = postProject
		{620A66B2-70ED-3FE1-A5F8-630FF2C57743} = {620A66B2-70ED-3FE1-A5F8-630FF2C57743}
		{ECF5BB16-CBF4-3D8D-82CD-15C33EED0DF8} = {ECF5BB16-CBF4-3D8D-82CD-15C33EED0DF8}
		{EA1AF515-EACC-34D6-8CBC-39569B0F0F56} = {EA1AF515-EACC-34D6-8CBC-39569B0F0F56}
	EndProjectSection
EndProject
Project("{8BC9CEB8-8B4A-11D0-8D11-00A0C91BC942}") = "ex3_jpg", "addons\jpgalleg\ex3_jpg.vcproj", "{107849F0-644D-3DE2-84D9-8D3CF1413E2B}"
	ProjectSection(ProjectDependencies) = postProject
		{620A66B2-70ED-3FE1-A5F8-630FF2C57743} = {620A66B2-70ED-3FE1-A5F8-630FF2C57743}
		{ECF5BB16-CBF4-3D8D-82CD-15C33EED0DF8} = {ECF5BB16-CBF4-3D8D-82CD-15C33EED0DF8}
		{EA1AF515-EACC-34D6-8CBC-39569B0F0F56} = {EA1AF515-EACC-34D6-8CBC-39569B0F0F56}
	EndProjectSection
EndProject
Project("{8BC9CEB8-8B4A-11D0-8D11-00A0C91BC942}") = "ex3buf", "examples\ex3buf.vcproj", "{A2DA5B2B-8BDD-3685-BFC7-8540B5DDB625}"
	ProjectSection(ProjectDependencies) = postProject
		{620A66B2-70ED-3FE1-A5F8-630FF2C57743} = {620A66B2-70ED-3FE1-A5F8-630FF2C57743}
		{ECF5BB16-CBF4-3D8D-82CD-15C33EED0DF8} = {ECF5BB16-CBF4-3D8D-82CD-15C33EED0DF8}
	EndProjectSection
EndProject
Project("{8BC9CEB8-8B4A-11D0-8D11-00A0C91BC942}") = "ex3d", "examples\ex3d.vcproj", "{963022AC-5C71-39BD-AC90-5F028C0DCE8A}"
	ProjectSection(ProjectDependencies) = postProject
		{620A66B2-70ED-3FE1-A5F8-630FF2C57743} = {620A66B2-70ED-3FE1-A5F8-630FF2C57743}
		{ECF5BB16-CBF4-3D8D-82CD-15C33EED0DF8} = {ECF5BB16-CBF4-3D8D-82CD-15C33EED0DF8}
	EndProjectSection
EndProject
Project("{8BC9CEB8-8B4A-11D0-8D11-00A0C91BC942}") = "ex4_jpg", "addons\jpgalleg\ex4_jpg.vcproj", "{6B926CDE-6257-3D96-BAEC-5A8195ABE87E}"
	ProjectSection(ProjectDependencies) = postProject
		{620A66B2-70ED-3FE1-A5F8-630FF2C57743} = {620A66B2-70ED-3FE1-A5F8-630FF2C57743}
		{ECF5BB16-CBF4-3D8D-82CD-15C33EED0DF8} = {ECF5BB16-CBF4-3D8D-82CD-15C33EED0DF8}
		{EA1AF515-EACC-34D6-8CBC-39569B0F0F56} = {EA1AF515-EACC-34D6-8CBC-39569B0F0F56}
	EndProjectSection
EndProject
Project("{8BC9CEB8-8B4A-11D0-8D11-00A0C91BC942}") = "ex5_jpg", "addons\jpgalleg\ex5_jpg.vcproj", "{84712024-D7E2-3298-9C3C-30C334F94BE1}"
	ProjectSection(ProjectDependencies) = postProject
		{620A66B2-70ED-3FE1-A5F8-630FF2C57743} = {620A66B2-70ED-3FE1-A5F8-630FF2C57743}
		{ECF5BB16-CBF4-3D8D-82CD-15C33EED0DF8} = {ECF5BB16-CBF4-3D8D-82CD-15C33EED0DF8}
		{EA1AF515-EACC-34D6-8CBC-39569B0F0F56} = {EA1AF515-EACC-34D6-8CBC-39569B0F0F56}
	EndProjectSection
EndProject
Project("{8BC9CEB8-8B4A-11D0-8D11-00A0C91BC942}") = "exaccel", "examples\exaccel.vcproj", "{69677B9E-DA15-3B66-BF87-7A1C9CFCB367}"
	ProjectSection(ProjectDependencies) = postProject
		{620A66B2-70ED-3FE1-A5F8-630FF2C57743} = {620A66B2-70ED-3FE1-A5F8-630FF2C57743}
		{ECF5BB16-CBF4-3D8D-82CD-15C33EED0DF8} = {ECF5BB16-CBF4-3D8D-82CD-15C33EED0DF8}
	EndProjectSection
EndProject
Project("{8BC9CEB8-8B4A-11D0-8D11-00A0C91BC942}") = "exalleg_agl", "addons\allegrogl\exalleg_agl.vcproj", "{893F0968-4F42-37AB-AC4A-51D61A3633C2}"
	ProjectSection(ProjectDependencies) = postProject
		{620A66B2-70ED-3FE1-A5F8-630FF2C57743} = {620A66B2-70ED-3FE1-A5F8-630FF2C57743}
		{ECF5BB16-CBF4-3D8D-82CD-15C33EED0DF8} = {ECF5BB16-CBF4-3D8D-82CD-15C33EED0DF8}
		{93C6A4ED-B784-3B2C-A264-AB7C03D6B5DE} = {93C6A4ED-B784-3B2C-A264-AB7C03D6B5DE}
	EndProjectSection
EndProject
Project("{8BC9CEB8-8B4A-11D0-8D11-00A0C91BC942}") = "exalpfnt_agl", "addons\allegrogl\exalpfnt_agl.vcproj", "{26E415D2-C699-35B7-B736-FC018EAF80A4}"
	ProjectSection(ProjectDependencies) = postProject
		{620A66B2-70ED-3FE1-A5F8-630FF2C57743} = {620A66B2-70ED-3FE1-A5F8-630FF2C57743}
		{ECF5BB16-CBF4-3D8D-82CD-15C33EED0DF8} = {ECF5BB16-CBF4-3D8D-82CD-15C33EED0DF8}
		{93C6A4ED-B784-3B2C-A264-AB7C03D6B5DE} = {93C6A4ED-B784-3B2C-A264-AB7C03D6B5DE}
	EndProjectSection
EndProject
Project("{8BC9CEB8-8B4A-11D0-8D11-00A0C91BC942}") = "exalpha", "examples\exalpha.vcproj", "{D862492B-D38A-3349-9856-0FEE731120E2}"
	ProjectSection(ProjectDependencies) = postProject
		{620A66B2-70ED-3FE1-A5F8-630FF2C57743} = {620A66B2-70ED-3FE1-A5F8-630FF2C57743}
		{ECF5BB16-CBF4-3D8D-82CD-15C33EED0DF8} = {ECF5BB16-CBF4-3D8D-82CD-15C33EED0DF8}
	EndProjectSection
EndProject
Project("{8BC9CEB8-8B4A-11D0-8D11-00A0C91BC942}") = "exalpha_png", "addons\loadpng\exalpha_png.vcproj", "{F06A1F92-AC91-32DA-BBB8-F048E798AB04}"
	ProjectSection(ProjectDependencies) = postProject
		{620A66B2-70ED-3FE1-A5F8-630FF2C57743} = {620A66B2-70ED-3FE1-A5F8-630FF2C57743}
		{ECF5BB16-CBF4-3D8D-82CD-15C33EED0DF8} = {ECF5BB16-CBF4-3D8D-82CD-15C33EED0DF8}
		{18928553-6793-349A-BAE7-EA5C837A450B} = {18928553-6793-349A-BAE7-EA5C837A450B}
	EndProjectSection
EndProject
Project("{8BC9CEB8-8B4A-11D0-8D11-00A0C91BC942}") = "example_png", "addons\loadpng\example_png.vcproj", "{0F8F81BD-5210-3D29-BB3F-F21697C6CCF7}"
	ProjectSection(ProjectDependencies) = postProject
		{620A66B2-70ED-3FE1-A5F8-630FF2C57743} = {620A66B2-70ED-3FE1-A5F8-630FF2C57743}
		{ECF5BB16-CBF4-3D8D-82CD-15C33EED0DF8} = {ECF5BB16-CBF4-3D8D-82CD-15C33EED0DF8}
		{18928553-6793-349A-BAE7-EA5C837A450B} = {18928553-6793-349A-BAE7-EA5C837A450B}
	EndProjectSection
EndProject
Project("{8BC9CEB8-8B4A-11D0-8D11-00A0C91BC942}") = "exbitmap", "examples\exbitmap.vcproj", "{050B374C-B4EF-3584-B25A-3163B526BC9C}"
	ProjectSection(ProjectDependencies) = postProject
		{620A66B2-70ED-3FE1-A5F8-630FF2C57743} = {620A66B2-70ED-3FE1-A5F8-630FF2C57743}
		{ECF5BB16-CBF4-3D8D-82CD-15C33EED0DF8} = {ECF5BB16-CBF4-3D8D-82CD-15C33EED0DF8}
	EndProjectSection
EndProject
Project("{8BC9CEB8-8B4A-11D0-8D11-00A0C91BC942}") = "exblend", "examples\exblend.vcproj", "{07703E3D-F8AA-3D16-87C4-7C9A7998526A}"
	ProjectSection(ProjectDependencies) = postProject
		{620A66B2-70ED-3FE1-A5F8-630FF2C57743} = {620A66B2-70ED-3FE1-A5F8-630FF2C57743}
		{ECF5BB16-CBF4-3D8D-82CD-15C33EED0DF8} = {ECF5BB16-CBF4-3D8D-82CD-15C33EED0DF8}
	EndProjectSection
EndProject
Project("{8BC9CEB8-8B4A-11D0-8D11-00A0C91BC942}") = "exblend_agl", "addons\allegrogl\exblend_agl.vcproj", "{969CF888-83D3-35CA-8D7E-79BD25BDA125}"
	ProjectSection(ProjectDependencies) = postProject
		{620A66B2-70ED-3FE1-A5F8-630FF2C57743} = {620A66B2-70ED-3FE1-A5F8-630FF2C57743}
		{ECF5BB16-CBF4-3D8D-82CD-15C33EED0DF8} = {ECF5BB16-CBF4-3D8D-82CD-15C33EED0DF8}
		{93C6A4ED-B784-3B2C-A264-AB7C03D6B5DE} = {93C6A4ED-B784-3B2C-A264-AB7C03D6B5DE}
	EndProjectSection
EndProject
Project("{8BC9CEB8-8B4A-11D0-8D11-00A0C91BC942}") = "excamera", "examples\excamera.vcproj", "{26CC50CA-18A4-30FA-BBD1-3D9EEE3E3121}"
	ProjectSection(ProjectDependencies) = postProject
		{620A66B2-70ED-3FE1-A5F8-630FF2C57743} = {620A66B2-70ED-3FE1-A5F8-630FF2C57743}
		{ECF5BB16-CBF4-3D8D-82CD-15C33EED0DF8} = {ECF5BB16-CBF4-3D8D-82CD-15C33EED0DF8}
	EndProjectSection
EndProject
Project("{8BC9CEB8-8B4A-11D0-8D11-00A0C91BC942}") = "excamera_agl", "addons\allegrogl\excamera_agl.vcproj", "{5A3F3638-BE25-3503-891C-901FF6A5D89D}"
	ProjectSection(ProjectDependencies) = postProject
		{620A66B2-70ED-3FE1-A5F8-630FF2C57743} = {620A66B2-70ED-3FE1-A5F8-630FF2C57743}
		{ECF5BB16-CBF4-3D8D-82CD-15C33EED0DF8} = {ECF5BB16-CBF4-3D8D-82CD-15C33EED0DF8}
		{93C6A4ED-B784-3B2C-A264-AB7C03D6B5DE} = {93C6A4ED-B784-3B2C-A264-AB7C03D6B5DE}
	EndProjectSection
EndProject
Project("{8BC9CEB8-8B4A-11D0-8D11-00A0C91BC942}") = "excolmap", "examples\excolmap.vcproj", "{307A758E-EECD-38BA-881A-F80DA99C5E3C}"
	ProjectSection(ProjectDependencies) = postProject
		{620A66B2-70ED-3FE1-A5F8-630FF2C57743} = {620A66B2-70ED-3FE1-A5F8-630FF2C57743}
		{ECF5BB16-CBF4-3D8D-82CD-15C33EED0DF8} = {ECF5BB16-CBF4-3D8D-82CD-15C33EED0DF8}
	EndProjectSection
EndProject
Project("{8BC9CEB8-8B4A-11D0-8D11-00A0C91BC942}") = "exconfig", "examples\exconfig.vcproj", "{F19B2BF0-DAC8-391C-970A-9F5DD9915322}"
	ProjectSection(ProjectDependencies) = postProject
		{620A66B2-70ED-3FE1-A5F8-630FF2C57743} = {620A66B2-70ED-3FE1-A5F8-630FF2C57743}
		{ECF5BB16-CBF4-3D8D-82CD-15C33EED0DF8} = {ECF5BB16-CBF4-3D8D-82CD-15C33EED0DF8}
	EndProjectSection
EndProject
Project("{8BC9CEB8-8B4A-11D0-8D11-00A0C91BC942}") = "excustom", "examples\excustom.vcproj", "{F892037B-6B46-3DDC-B2E5-3886B92CE400}"
	ProjectSection(ProjectDependencies) = postProject
		{620A66B2-70ED-3FE1-A5F8-630FF2C57743} = {620A66B2-70ED-3FE1-A5F8-630FF2C57743}
		{ECF5BB16-CBF4-3D8D-82CD-15C33EED0DF8} = {ECF5BB16-CBF4-3D8D-82CD-15C33EED0DF8}
	EndProjectSection
EndProject
Project("{8BC9CEB8-8B4A-11D0-8D11-00A0C91BC942}") = "exdata", "examples\exdata.vcproj", "{AE6D7631-8564-3E8B-AB54-09F6BC5C1559}"
	ProjectSection(ProjectDependencies) = postProject
		{620A66B2-70ED-3FE1-A5F8-630FF2C57743} = {620A66B2-70ED-3FE1-A5F8-630FF2C57743}
		{ECF5BB16-CBF4-3D8D-82CD-15C33EED0DF8} = {ECF5BB16-CBF4-3D8D-82CD-15C33EED0DF8}
	EndProjectSection
EndProject
Project("{8BC9CEB8-8B4A-11D0-8D11-00A0C91BC942}") = "exdata_png", "addons\loadpng\exdata_png.vcproj", "{51413443-D329-39BF-ACB0-41BEA0C0F657}"
	ProjectSection(ProjectDependencies) = postProject
		{620A66B2-70ED-3FE1-A5F8-630FF2C57743} = {620A66B2-70ED-3FE1-A5F8-630FF2C57743}
		{ECF5BB16-CBF4-3D8D-82CD-15C33EED0DF8} = {ECF5BB16-CBF4-3D8D-82CD-15C33EED0DF8}
		{18928553-6793-349A-BAE7-EA5C837A450B} = {18928553-6793-349A-BAE7-EA5C837A450B}
	EndProjectSection
EndProject
Project("{8BC9CEB8-8B4A-11D0-8D11-00A0C91BC942}") = "exdbuf", "examples\exdbuf.vcproj", "{5591C043-08D5-389B-899B-0BF6BD264B8E}"
	ProjectSection(ProjectDependencies) = postProject
		{620A66B2-70ED-3FE1-A5F8-630FF2C57743} = {620A66B2-70ED-3FE1-A5F8-630FF2C57743}
		{ECF5BB16-CBF4-3D8D-82CD-15C33EED0DF8} = {ECF5BB16-CBF4-3D8D-82CD-15C33EED0DF8}
	EndProjectSection
EndProject
Project("{8BC9CEB8-8B4A-11D0-8D11-00A0C91BC942}") = "exedat", "tools\exedat.vcproj", "{0D11ACC6-FD7B-37CD-B729-F48A3F46A3FA}"
	ProjectSection(ProjectDependencies) = postProject
		{620A66B2-70ED-3FE1-A5F8-630FF2C57743} = {620A66B2-70ED-3FE1-A5F8-630FF2C57743}
		{ECF5BB16-CBF4-3D8D-82CD-15C33EED0DF8} = {ECF5BB16-CBF4-3D8D-82CD-15C33EED0DF8}
	EndProjectSection
EndProject
Project("{8BC9CEB8-8B4A-11D0-8D11-00A0C91BC942}") = "exexedat", "examples\exexedat.vcproj", "{A76DDB2F-29C7-37FB-A339-0EB3D5281AA8}"
	ProjectSection(ProjectDependencies) = postProject
		{620A66B2-70ED-3FE1-A5F8-630FF2C57743} = {620A66B2-70ED-3FE1-A5F8-630FF2C57743}
		{ECF5BB16-CBF4-3D8D-82CD-15C33EED0DF8} = {ECF5BB16-CBF4-3D8D-82CD-15C33EED0DF8}
	EndProjectSection
EndProject
Project("{8BC9CEB8-8B4A-11D0-8D11-00A0C91BC942}") = "exext_agl", "addons\allegrogl\exext_agl.vcproj", "{372B291F-BFC6-3C54-8F53-399192C68625}"
	ProjectSection(ProjectDependencies) = postProject
		{620A66B2-70ED-3FE1-A5F8-630FF2C57743} = {620A66B2-70ED-3FE1-A5F8-630FF2C57743}
		{ECF5BB16-CBF4-3D8D-82CD-15C33EED0DF8} = {ECF5BB16-CBF4-3D8D-82CD-15C33EED0DF8}
		{93C6A4ED-B784-3B2C-A264-AB7C03D6B5DE} = {93C6A4ED-B784-3B2C-A264-AB7C03D6B5DE}
	EndProjectSection
EndProject
Project("{8BC9CEB8-8B4A-11D0-8D11-00A0C91BC942}") = "exfixed", "examples\exfixed.vcproj", "{D1B85ECB-1494-350C-9215-B8BA02DC2433}"
	ProjectSection(ProjectDependencies) = postProject
		{620A66B2-70ED-3FE1-A5F8-630FF2C57743} = {620A66B2-70ED-3FE1-A5F8-630FF2C57743}
		{ECF5BB16-CBF4-3D8D-82CD-15C33EED0DF8} = {ECF5BB16-CBF4-3D8D-82CD-15C33EED0DF8}
	EndProjectSection
EndProject
Project("{8BC9CEB8-8B4A-11D0-8D11-00A0C91BC942}") = "exflame", "examples\exflame.vcproj", "{72913690-D8AA-31EF-A814-6FE1EA16FB8D}"
	ProjectSection(ProjectDependencies) = postProject
		{620A66B2-70ED-3FE1-A5F8-630FF2C57743} = {620A66B2-70ED-3FE1-A5F8-630FF2C57743}
		{ECF5BB16-CBF4-3D8D-82CD-15C33EED0DF8} = {ECF5BB16-CBF4-3D8D-82CD-15C33EED0DF8}
	EndProjectSection
EndProject
Project("{8BC9CEB8-8B4A-11D0-8D11-00A0C91BC942}") = "exflip", "examples\exflip.vcproj", "{E15B05E4-A1DE-32DB-ABB4-69D7CDDB6FD0}"
	ProjectSection(ProjectDependencies) = postProject
		{620A66B2-70ED-3FE1-A5F8-630FF2C57743} = {620A66B2-70ED-3FE1-A5F8-630FF2C57743}
		{ECF5BB16-CBF4-3D8D-82CD-15C33EED0DF8} = {ECF5BB16-CBF4-3D8D-82CD-15C33EED0DF8}
	EndProjectSection
EndProject
Project("{8BC9CEB8-8B4A-11D0-8D11-00A0C91BC942}") = "exfont", "examples\exfont.vcproj", "{E878A7A3-AA7E-3D0A-887E-3725EA3AF44F}"
	ProjectSection(ProjectDependencies) = postProject
		{620A66B2-70ED-3FE1-A5F8-630FF2C57743} = {620A66B2-70ED-3FE1-A5F8-630FF2C57743}
		{ECF5BB16-CBF4-3D8D-82CD-15C33EED0DF8} = {ECF5BB16-CBF4-3D8D-82CD-15C33EED0DF8}
	EndProjectSection
EndProject
Project("{8BC9CEB8-8B4A-11D0-8D11-00A0C91BC942}") = "exgui", "examples\exgui.vcproj", "{4DE5961B-5AE6-3C52-86D7-80BE54CDDE2B}"
	ProjectSection(ProjectDependencies) = postProject
		{620A66B2-70ED-3FE1-A5F8-630FF2C57743} = {620A66B2-70ED-3FE1-A5F8-630FF2C57743}
		{ECF5BB16-CBF4-3D8D-82CD-15C33EED0DF8} = {ECF5BB16-CBF4-3D8D-82CD-15C33EED0DF8}
	EndProjectSection
EndProject
Project("{8BC9CEB8-8B4A-11D0-8D11-00A0C91BC942}") = "exgui_agl", "addons\allegrogl\exgui_agl.vcproj", "{21EEE6CC-E6BE-337E-BA3B-0758BACDF94D}"
	ProjectSection(ProjectDependencies) = postProject
		{620A66B2-70ED-3FE1-A5F8-630FF2C57743} = {620A66B2-70ED-3FE1-A5F8-630FF2C57743}
		{ECF5BB16-CBF4-3D8D-82CD-15C33EED0DF8} = {ECF5BB16-CBF4-3D8D-82CD-15C33EED0DF8}
		{93C6A4ED-B784-3B2C-A264-AB7C03D6B5DE} = {93C6A4ED-B784-3B2C-A264-AB7C03D6B5DE}
	EndProjectSection
EndProject
Project("{8BC9CEB8-8B4A-11D0-8D11-00A0C91BC942}") = "exhello", "examples\exhello.vcproj", "{10A6F01D-D81F-36FC-B7FD-86AAA5B8F655}"
	ProjectSection(ProjectDependencies) = postProject
		{620A66B2-70ED-3FE1-A5F8-630FF2C57743} = {620A66B2-70ED-3FE1-A5F8-630FF2C57743}
		{ECF5BB16-CBF4-3D8D-82CD-15C33EED0DF8} = {ECF5BB16-CBF4-3D8D-82CD-15C33EED0DF8}
	EndProjectSection
EndProject
Project("{8BC9CEB8-8B4A-11D0-8D11-00A0C91BC942}") = "exjoy", "examples\exjoy.vcproj", "{C1D95980-2B70-3027-A32C-CF534121DB9D}"
	ProjectSection(ProjectDependencies) = postProject
		{620A66B2-70ED-3FE1-A5F8-630FF2C57743} = {620A66B2-70ED-3FE1-A5F8-630FF2C57743}
		{ECF5BB16-CBF4-3D8D-82CD-15C33EED0DF8} = {ECF5BB16-CBF4-3D8D-82CD-15C33EED0DF8}
	EndProjectSection
EndProject
Project("{8BC9CEB8-8B4A-11D0-8D11-00A0C91BC942}") = "exkeys", "examples\exkeys.vcproj", "{29DEA1A0-1F9A-3DD6-BC01-FC18FFE83959}"
	ProjectSection(ProjectDependencies) = postProject
		{620A66B2-70ED-3FE1-A5F8-630FF2C57743} = {620A66B2-70ED-3FE1-A5F8-630FF2C57743}
		{ECF5BB16-CBF4-3D8D-82CD-15C33EED0DF8} = {ECF5BB16-CBF4-3D8D-82CD-15C33EED0DF8}
	EndProjectSection
EndProject
Project("{8BC9CEB8-8B4A-11D0-8D11-00A0C91BC942}") = "exlights", "examples\exlights.vcproj", "{B5446D15-99C3-3652-932E-E1AAE82E2384}"
	ProjectSection(ProjectDependencies) = postProject
		{620A66B2-70ED-3FE1-A5F8-630FF2C57743} = {620A66B2-70ED-3FE1-A5F8-630FF2C57743}
		{ECF5BB16-CBF4-3D8D-82CD-15C33EED0DF8} = {ECF5BB16-CBF4-3D8D-82CD-15C33EED0DF8}
	EndProjectSection
EndProject
Project("{8BC9CEB8-8B4A-11D0-8D11-00A0C91BC942}") = "exmasked_agl", "addons\allegrogl\exmasked_agl.vcproj", "{1EE658CF-6C4B-3153-89B9-3520AEB2FB84}"
	ProjectSection(ProjectDependencies) = postProject
		{620A66B2-70ED-3FE1-A5F8-630FF2C57743} = {620A66B2-70ED-3FE1-A5F8-630FF2C57743}
		{ECF5BB16-CBF4-3D8D-82CD-15C33EED0DF8} = {ECF5BB16-CBF4-3D8D-82CD-15C33EED0DF8}
		{93C6A4ED-B784-3B2C-A264-AB7C03D6B5DE} = {93C6A4ED-B784-3B2C-A264-AB7C03D6B5DE}
	EndProjectSection
EndProject
Project("{8BC9CEB8-8B4A-11D0-8D11-00A0C91BC942}") = "exmem", "examples\exmem.vcproj", "{65141A5A-782A-308E-A00E-51DEB162811F}"
	ProjectSection(ProjectDependencies) = postProject
		{620A66B2-70ED-3FE1-A5F8-630FF2C57743} = {620A66B2-70ED-3FE1-A5F8-630FF2C57743}
		{ECF5BB16-CBF4-3D8D-82CD-15C33EED0DF8} = {ECF5BB16-CBF4-3D8D-82CD-15C33EED0DF8}
	EndProjectSection
EndProject
Project("{8BC9CEB8-8B4A-11D0-8D11-00A0C91BC942}") = "exmidi", "examples\exmidi.vcproj", "{D6B359DA-95B5-3698-893A-0F226C5E44EB}"
	ProjectSection(ProjectDependencies) = postProject
		{620A66B2-70ED-3FE1-A5F8-630FF2C57743} = {620A66B2-70ED-3FE1-A5F8-630FF2C57743}
		{ECF5BB16-CBF4-3D8D-82CD-15C33EED0DF8} = {ECF5BB16-CBF4-3D8D-82CD-15C33EED0DF8}
	EndProjectSection
EndProject
Project("{8BC9CEB8-8B4A-11D0-8D11-00A0C91BC942}") = "exmipmaps_agl", "addons\allegrogl\exmipmaps_agl.vcproj", "{03A586F8-9AB2-3C07-9813-B4D040D618ED}"
	ProjectSection(ProjectDependencies) = postProject
		{620A66B2-70ED-3FE1-A5F8-630FF2C57743} = {620A66B2-70ED-3FE1-A5F8-630FF2C57743}
		{ECF5BB16-CBF4-3D8D-82CD-15C33EED0DF8} = {ECF5BB16-CBF4-3D8D-82CD-15C33EED0DF8}
		{93C6A4ED-B784-3B2C-A264-AB7C03D6B5DE} = {93C6A4ED-B784-3B2C-A264-AB7C03D6B5DE}
	EndProjectSection
EndProject
Project("{8BC9CEB8-8B4A-11D0-8D11-00A0C91BC942}") = "exmouse", "examples\exmouse.vcproj", "{47E404F5-741E-3769-9888-A1CD90A55DE4}"
	ProjectSection(ProjectDependencies) = postProject
		{620A66B2-70ED-3FE1-A5F8-630FF2C57743} = {620A66B2-70ED-3FE1-A5F8-630FF2C57743}
		{ECF5BB16-CBF4-3D8D-82CD-15C33EED0DF8} = {ECF5BB16-CBF4-3D8D-82CD-15C33EED0DF8}
	EndProjectSection
EndProject
Project("{8BC9CEB8-8B4A-11D0-8D11-00A0C91BC942}") = "expackf", "examples\expackf.vcproj", "{CC8A67BB-AF90-3E1E-A63B-C17FC59FD134}"
	ProjectSection(ProjectDependencies) = postProject
		{620A66B2-70ED-3FE1-A5F8-630FF2C57743} = {620A66B2-70ED-3FE1-A5F8-630FF2C57743}
		{ECF5BB16-CBF4-3D8D-82CD-15C33EED0DF8} = {ECF5BB16-CBF4-3D8D-82CD-15C33EED0DF8}
	EndProjectSection
EndProject
Project("{8BC9CEB8-8B4A-11D0-8D11-00A0C91BC942}") = "expal", "examples\expal.vcproj", "{831A084A-BA94-36CA-867D-CE351FCBF066}"
	ProjectSection(ProjectDependencies) = postProject
		{620A66B2-70ED-3FE1-A5F8-630FF2C57743} = {620A66B2-70ED-3FE1-A5F8-630FF2C57743}
		{ECF5BB16-CBF4-3D8D-82CD-15C33EED0DF8} = {ECF5BB16-CBF4-3D8D-82CD-15C33EED0DF8}
	EndProjectSection
EndProject
Project("{8BC9CEB8-8B4A-11D0-8D11-00A0C91BC942}") = "expat", "examples\expat.vcproj", "{9F18E7B5-D479-3EFC-B5BD-E6A076CC7169}"
	ProjectSection(ProjectDependencies) = postProject
		{620A66B2-70ED-3FE1-A5F8-630FF2C57743} = {620A66B2-70ED-3FE1-A5F8-630FF2C57743}
		{ECF5BB16-CBF4-3D8D-82CD-15C33EED0DF8} = {ECF5BB16-CBF4-3D8D-82CD-15C33EED0DF8}
	EndProjectSection
EndProject
Project("{8BC9CEB8-8B4A-11D0-8D11-00A0C91BC942}") = "exquat", "examples\exquat.vcproj", "{BA4821A5-DA2A-3010-8CB0-47C8F8016733}"
	ProjectSection(ProjectDependencies) = postProject
		{620A66B2-70ED-3FE1-A5F8-630FF2C57743} = {620A66B2-70ED-3FE1-A5F8-630FF2C57743}
		{ECF5BB16-CBF4-3D8D-82CD-15C33EED0DF8} = {ECF5BB16-CBF4-3D8D-82CD-15C33EED0DF8}
	EndProjectSection
EndProject
Project("{8BC9CEB8-8B4A-11D0-8D11-00A0C91BC942}") = "exrgbhsv", "examples\exrgbhsv.vcproj", "{246589E7-AF49-357C-8282-6999A2825D16}"
	ProjectSection(ProjectDependencies) = postProject
		{620A66B2-70ED-3FE1-A5F8-630FF2C57743} = {620A66B2-70ED-3FE1-A5F8-630FF2C57743}
		{ECF5BB16-CBF4-3D8D-82CD-15C33EED0DF8} = {ECF5BB16-CBF4-3D8D-82CD-15C33EED0DF8}
	EndProjectSection
EndProject
Project("{8BC9CEB8-8B4A-11D0-8D11-00A0C91BC942}") = "exrotscl", "examples\exrotscl.vcproj", "{486D6B24-6AA9-33B5-B274-9F5FBCB2C0AA}"
	ProjectSection(ProjectDependencies) = postProject
		{620A66B2-70ED-3FE1-A5F8-630FF2C57743} = {620A66B2-70ED-3FE1-A5F8-630FF2C57743}
		{ECF5BB16-CBF4-3D8D-82CD-15C33EED0DF8} = {ECF5BB16-CBF4-3D8D-82CD-15C33EED0DF8}
	EndProjectSection
EndProject
Project("{8BC9CEB8-8B4A-11D0-8D11-00A0C91BC942}") = "exsample", "examples\exsample.vcproj", "{9032D030-0482-37E3-9FB9-E28CE5369800}"
	ProjectSection(ProjectDependencies) = postProject
		{620A66B2-70ED-3FE1-A5F8-630FF2C57743} = {620A66B2-70ED-3FE1-A5F8-630FF2C57743}
		{ECF5BB16-CBF4-3D8D-82CD-15C33EED0DF8} = {ECF5BB16-CBF4-3D8D-82CD-15C33EED0DF8}
	EndProjectSection
EndProject
Project("{8BC9CEB8-8B4A-11D0-8D11-00A0C91BC942}") = "exscale", "examples\exscale.vcproj", "{E626010D-0802-3415-BBD6-C653B8B4024B}"
	ProjectSection(ProjectDependencies) = postProject
		{620A66B2-70ED-3FE1-A5F8-630FF2C57743} = {620A66B2-70ED-3FE1-A5F8-630FF2C57743}
		{ECF5BB16-CBF4-3D8D-82CD-15C33EED0DF8} = {ECF5BB16-CBF4-3D8D-82CD-15C33EED0DF8}
	EndProjectSection
EndProject
Project("{8BC9CEB8-8B4A-11D0-8D11-00A0C91BC942}") = "exscn3d", "examples\exscn3d.vcproj", "{D71CC50E-040D-3344-AB36-6BDD7986B73B}"
	ProjectSection(ProjectDependencies) = postProject
		{620A66B2-70ED-3FE1-A5F8-630FF2C57743} = {620A66B2-70ED-3FE1-A5F8-630FF2C57743}
		{ECF5BB16-CBF4-3D8D-82CD-15C33EED0DF8} = {ECF5BB16-CBF4-3D8D-82CD-15C33EED0DF8}
	EndProjectSection
EndProject
Project("{8BC9CEB8-8B4A-11D0-8D11-00A0C91BC942}") = "exscroll", "examples\exscroll.vcproj", "{43023B6C-B2AA-3416-A616-82E4FE3F9467}"
	ProjectSection(ProjectDependencies) = postProject
		{620A66B2-70ED-3FE1-A5F8-630FF2C57743} = {620A66B2-70ED-3FE1-A5F8-630FF2C57743}
		{ECF5BB16-CBF4-3D8D-82CD-15C33EED0DF8} = {ECF5BB16-CBF4-3D8D-82CD-15C33EED0DF8}
	EndProjectSection
EndProject
Project("{8BC9CEB8-8B4A-11D0-8D11-00A0C91BC942}") = "exshade", "examples\exshade.vcproj", "{0EB3AEAB-E8CC-3429-9E52-E483DEFC209E}"
	ProjectSection(ProjectDependencies) = postProject
		{620A66B2-70ED-3FE1-A5F8-630FF2C57743} = {620A66B2-70ED-3FE1-A5F8-630FF2C57743}
		{ECF5BB16-CBF4-3D8D-82CD-15C33EED0DF8} = {ECF5BB16-CBF4-3D8D-82CD-15C33EED0DF8}
	EndProjectSection
EndProject
Project("{8BC9CEB8-8B4A-11D0-8D11-00A0C91BC942}") = "exspline", "examples\exspline.vcproj", "{97D34D9E-0516-35B9-85CC-3809223B3701}"
	ProjectSection(ProjectDependencies) = postProject
		{620A66B2-70ED-3FE1-A5F8-630FF2C57743} = {620A66B2-70ED-3FE1-A5F8-630FF2C57743}
		{ECF5BB16-CBF4-3D8D-82CD-15C33EED0DF8} = {ECF5BB16-CBF4-3D8D-82CD-15C33EED0DF8}
	EndProjectSection
EndProject
Project("{8BC9CEB8-8B4A-11D0-8D11-00A0C91BC942}") = "exsprite", "examples\exsprite.vcproj", "{8725FCC3-B74C-32D4-9E96-ECB85530EA1E}"
	ProjectSection(ProjectDependencies) = postProject
		{620A66B2-70ED-3FE1-A5F8-630FF2C57743} = {620A66B2-70ED-3FE1-A5F8-630FF2C57743}
		{ECF5BB16-CBF4-3D8D-82CD-15C33EED0DF8} = {ECF5BB16-CBF4-3D8D-82CD-15C33EED0DF8}
	EndProjectSection
EndProject
Project("{8BC9CEB8-8B4A-11D0-8D11-00A0C91BC942}") = "exstars", "examples\exstars.vcproj", "{E3F56F55-5D05-38F2-9E0F-3DF1BABC39C5}"
	ProjectSection(ProjectDependencies) = postProject
		{620A66B2-70ED-3FE1-A5F8-630FF2C57743} = {620A66B2-70ED-3FE1-A5F8-630FF2C57743}
		{ECF5BB16-CBF4-3D8D-82CD-15C33EED0DF8} = {ECF5BB16-CBF4-3D8D-82CD-15C33EED0DF8}
	EndProjectSection
EndProject
Project("{8BC9CEB8-8B4A-11D0-8D11-00A0C91BC942}") = "exstream", "examples\exstream.vcproj", "{DCE53B9F-B1CA-352D-9CAB-3B2D3EC06AF1}"
	ProjectSection(ProjectDependencies) = postProject
		{620A66B2-70ED-3FE1-A5F8-630FF2C57743} = {620A66B2-70ED-3FE1-A5F8-630FF2C57743}
		{ECF5BB16-CBF4-3D8D-82CD-15C33EED0DF8} = {ECF5BB16-CBF4-3D8D-82CD-15C33EED0DF8}
	EndProjectSection
EndProject
Project("{8BC9CEB8-8B4A-11D0-8D11-00A0C91BC942}") = "exswitch", "examples\exswitch.vcproj", "{0BF63B13-B077-377A-8725-D31C260907BF}"
	ProjectSection(ProjectDependencies) = postProject
		{620A66B2-70ED-3FE1-A5F8-630FF2C57743} = {620A66B2-70ED-3FE1-A5F8-630FF2C57743}
		{ECF5BB16-CBF4-3D8D-82CD-15C33EED0DF8} = {ECF5BB16-CBF4-3D8D-82CD-15C33EED0DF8}
	EndProjectSection
EndProject
Project("{8BC9CEB8-8B4A-11D0-8D11-00A0C91BC942}") = "exsyscur", "examples\exsyscur.vcproj", "{A0C30617-3F1D-3F29-9181-1C40192BB174}"
	ProjectSection(ProjectDependencies) = postProject
		{620A66B2-70ED-3FE1-A5F8-630FF2C57743} = {620A66B2-70ED-3FE1-A5F8-630FF2C57743}
		{ECF5BB16-CBF4-3D8D-82CD-15C33EED0DF8} = {ECF5BB16-CBF4-3D8D-82CD-15C33EED0DF8}
	EndProjectSection
EndProject
Project("{8BC9CEB8-8B4A-11D0-8D11-00A0C91BC942}") = "extext_agl", "addons\allegrogl\extext_agl.vcproj", "{F5F74DFF-8700-3515-909E-DCD389ED4B2F}"
	ProjectSection(ProjectDependencies) = postProject
		{620A66B2-70ED-3FE1-A5F8-630FF2C57743} = {620A66B2-70ED-3FE1-A5F8-630FF2C57743}
		{ECF5BB16-CBF4-3D8D-82CD-15C33EED0DF8} = {ECF5BB16-CBF4-3D8D-82CD-15C33EED0DF8}
		{93C6A4ED-B784-3B2C-A264-AB7C03D6B5DE} = {93C6A4ED-B784-3B2C-A264-AB7C03D6B5DE}
	EndProjectSection
EndProject
Project("{8BC9CEB8-8B4A-11D0-8D11-00A0C91BC942}") = "extextur_agl", "addons\allegrogl\extextur_agl.vcproj", "{1B55FE62-12C9-32B2-9F04-E2D2B99452B2}"
	ProjectSection(ProjectDependencies) = postProject
		{620A66B2-70ED-3FE1-A5F8-630FF2C57743} = {620A66B2-70ED-3FE1-A5F8-630FF2C57743}
		{ECF5BB16-CBF4-3D8D-82CD-15C33EED0DF8} = {ECF5BB16-CBF4-3D8D-82CD-15C33EED0DF8}
		{93C6A4ED-B784-3B2C-A264-AB7C03D6B5DE} = {93C6A4ED-B784-3B2C-A264-AB7C03D6B5DE}
	EndProjectSection
EndProject
Project("{8BC9CEB8-8B4A-11D0-8D11-00A0C91BC942}") = "extimer", "examples\extimer.vcproj", "{D2A025F1-8A43-3A4F-A1F9-203E43889170}"
	ProjectSection(ProjectDependencies) = postProject
		{620A66B2-70ED-3FE1-A5F8-630FF2C57743} = {620A66B2-70ED-3FE1-A5F8-630FF2C57743}
		{ECF5BB16-CBF4-3D8D-82CD-15C33EED0DF8} = {ECF5BB16-CBF4-3D8D-82CD-15C33EED0DF8}
	EndProjectSection
EndProject
Project("{8BC9CEB8-8B4A-11D0-8D11-00A0C91BC942}") = "extrans", "examples\extrans.vcproj", "{5BDC343A-6684-33CF-A743-52129915E450}"
	ProjectSection(ProjectDependencies) = postProject
		{620A66B2-70ED-3FE1-A5F8-630FF2C57743} = {620A66B2-70ED-3FE1-A5F8-630FF2C57743}
		{ECF5BB16-CBF4-3D8D-82CD-15C33EED0DF8} = {ECF5BB16-CBF4-3D8D-82CD-15C33EED0DF8}
	EndProjectSection
EndProject
Project("{8BC9CEB8-8B4A-11D0-8D11-00A0C91BC942}") = "extrans2", "examples\extrans2.vcproj", "{BF8B698A-90D9-3E93-902F-CBC22C951F9C}"
	ProjectSection(ProjectDependencies) = postProject
		{620A66B2-70ED-3FE1-A5F8-630FF2C57743} = {620A66B2-70ED-3FE1-A5F8-630FF2C57743}
		{ECF5BB16-CBF4-3D8D-82CD-15C33EED0DF8} = {ECF5BB16-CBF4-3D8D-82CD-15C33EED0DF8}
	EndProjectSection
EndProject
Project("{8BC9CEB8-8B4A-11D0-8D11-00A0C91BC942}") = "extruec", "examples\extruec.vcproj", "{8C07256D-BD09-3226-AA66-A87A3B59241D}"
	ProjectSection(ProjectDependencies) = postProject
		{620A66B2-70ED-3FE1-A5F8-630FF2C57743} = {620A66B2-70ED-3FE1-A5F8-630FF2C57743}
		{ECF5BB16-CBF4-3D8D-82CD-15C33EED0DF8} = {ECF5BB16-CBF4-3D8D-82CD-15C33EED0DF8}
	EndProjectSection
EndProject
Project("{8BC9CEB8-8B4A-11D0-8D11-00A0C91BC942}") = "exunicod", "examples\exunicod.vcproj", "{35F6D61D-280E-39A2-8761-19678E4A6BBE}"
	ProjectSection(ProjectDependencies) = postProject
		{620A66B2-70ED-3FE1-A5F8-630FF2C57743} = {620A66B2-70ED-3FE1-A5F8-630FF2C57743}
		{ECF5BB16-CBF4-3D8D-82CD-15C33EED0DF8} = {ECF5BB16-CBF4-3D8D-82CD-15C33EED0DF8}
	EndProjectSection
EndProject
Project("{8BC9CEB8-8B4A-11D0-8D11-00A0C91BC942}") = "exupdate", "examples\exupdate.vcproj", "{E1B8B9DE-A142-3F61-BCFE-94F90A40B8C4}"
	ProjectSection(ProjectDependencies) = postProject
		{620A66B2-70ED-3FE1-A5F8-630FF2C57743} = {620A66B2-70ED-3FE1-A5F8-630FF2C57743}
		{ECF5BB16-CBF4-3D8D-82CD-15C33EED0DF8} = {ECF5BB16-CBF4-3D8D-82CD-15C33EED0DF8}
	EndProjectSection
EndProject
Project("{8BC9CEB8-8B4A-11D0-8D11-00A0C91BC942}") = "exxfade", "examples\exxfade.vcproj", "{7F7EFB73-E15A-3D81-87B9-B696297842ED}"
	ProjectSection(ProjectDependencies) = postProject
		{620A66B2-70ED-3FE1-A5F8-630FF2C57743} = {620A66B2-70ED-3FE1-A5F8-630FF2C57743}
		{ECF5BB16-CBF4-3D8D-82CD-15C33EED0DF8} = {ECF5BB16-CBF4-3D8D-82CD-15C33EED0DF8}
	EndProjectSection
EndProject
Project("{8BC9CEB8-8B4A-11D0-8D11-00A0C91BC942}") = "exzbuf", "examples\exzbuf.vcproj", "{C9E785B5-28D1-393C-9D93-F95F7AD5E45F}"
	ProjectSection(ProjectDependencies) = postProject
		{620A66B2-70ED-3FE1-A5F8-630FF2C57743} = {620A66B2-70ED-3FE1-A5F8-630FF2C57743}
		{ECF5BB16-CBF4-3D8D-82CD-15C33EED0DF8} = {ECF5BB16-CBF4-3D8D-82CD-15C33EED0DF8}
	EndProjectSection
EndProject
Project("{8BC9CEB8-8B4A-11D0-8D11-00A0C91BC942}") = "filetest", "tests\filetest.vcproj", "{D755168D-158B-3569-B29B-67CC4A2C21FF}"
	ProjectSection(ProjectDependencies) = postProject
		{620A66B2-70ED-3FE1-A5F8-630FF2C57743} = {620A66B2-70ED-3FE1-A5F8-630FF2C57743}
		{ECF5BB16-CBF4-3D8D-82CD-15C33EED0DF8} = {ECF5BB16-CBF4-3D8D-82CD-15C33EED0DF8}
	EndProjectSection
EndProject
Project("{8BC9CEB8-8B4A-11D0-8D11-00A0C91BC942}") = "fonttest_agl", "addons\allegrogl\fonttest_agl.vcproj", "{2C28C6DC-4876-3FE7-978E-12BFA44B2D55}"
	ProjectSection(ProjectDependencies) = postProject
		{620A66B2-70ED-3FE1-A5F8-630FF2C57743} = {620A66B2-70ED-3FE1-A5F8-630FF2C57743}
		{ECF5BB16-CBF4-3D8D-82CD-15C33EED0DF8} = {ECF5BB16-CBF4-3D8D-82CD-15C33EED0DF8}
		{93C6A4ED-B784-3B2C-A264-AB7C03D6B5DE} = {93C6A4ED-B784-3B2C-A264-AB7C03D6B5DE}
	EndProjectSection
EndProject
Project("{8BC9CEB8-8B4A-11D0-8D11-00A0C91BC942}") = "gfxinfo", "tests\gfxinfo.vcproj", "{DF06B116-477C-3433-B98D-501B97DB1589}"
	ProjectSection(ProjectDependencies) = postProject
		{620A66B2-70ED-3FE1-A5F8-630FF2C57743} = {620A66B2-70ED-3FE1-A5F8-630FF2C57743}
		{ECF5BB16-CBF4-3D8D-82CD-15C33EED0DF8} = {ECF5BB16-CBF4-3D8D-82CD-15C33EED0DF8}
	EndProjectSection
EndProject
Project("{8BC9CEB8-8B4A-11D0-8D11-00A0C91BC942}") = "grabber", "tools\grabber.vcproj", "{210BD414-8196-3ABE-932A-AEA17A1BB9B6}"
	ProjectSection(ProjectDependencies) = postProject
		{620A66B2-70ED-3FE1-A5F8-630FF2C57743} = {620A66B2-70ED-3FE1-A5F8-630FF2C57743}
		{AB0E205E-E110-305A-8292-4A2750A7CFF3} = {AB0E205E-E110-305A-8292-4A2750A7CFF3}
		{ECF5BB16-CBF4-3D8D-82CD-15C33EED0DF8} = {ECF5BB16-CBF4-3D8D-82CD-15C33EED0DF8}
		{EA1AF515-EACC-34D6-8CBC-39569B0F0F56} = {EA1AF515-EACC-34D6-8CBC-39569B0F0F56}
	EndProjectSection
EndProject
Project("{8BC9CEB8-8B4A-11D0-8D11-00A0C91BC942}") = "jpgalleg", "addons\jpgalleg\jpgalleg.vcproj", "{EA1AF515-EACC-34D6-8CBC-39569B0F0F56}"
	ProjectSection(ProjectDependencies) = postProject
		{620A66B2-70ED-3FE1-A5F8-630FF2C57743} = {620A66B2-70ED-3FE1-A5F8-630FF2C57743}
		{ECF5BB16-CBF4-3D8D-82CD-15C33EED0DF8} = {ECF5BB16-CBF4-3D8D-82CD-15C33EED0DF8}
	EndProjectSection
EndProject
Project("{8BC9CEB8-8B4A-11D0-8D11-00A0C91BC942}") = "keyconf", "setup\keyconf.vcproj", "{80F9D4EB-0BF1-36E2-8A89-0D55D7FF4C26}"
	ProjectSection(ProjectDependencies) = postProject
		{620A66B2-70ED-3FE1-A5F8-630FF2C57743} = {620A66B2-70ED-3FE1-A5F8-630FF2C57743}
		{ECF5BB16-CBF4-3D8D-82CD-15C33EED0DF8} = {ECF5BB16-CBF4-3D8D-82CD-15C33EED0DF8}
	EndProjectSection
EndProject
Project("{8BC9CEB8-8B4A-11D0-8D11-00A0C91BC942}") = "loadpng", "addons\loadpng\loadpng.vcproj", "{18928553-6793-349A-BAE7-EA5C837A450B}"
	ProjectSection(ProjectDependencies) = postProject
		{620A66B2-70ED-3FE1-A5F8-630FF2C57743} = {620A66B2-70ED-3FE1-A5F8-630FF2C57743}
		{ECF5BB16-CBF4-3D8D-82CD-15C33EED0DF8} = {ECF5BB16-CBF4-3D8D-82CD-15C33EED0DF8}
	EndProjectSection
EndProject
Project("{8BC9CEB8-8B4A-11D0-8D11-00A0C91BC942}") = "logg", "addons\logg\logg.vcproj", "{43B6289E-98B6-34AC-9128-E0F82F0B1885}"
	ProjectSection(ProjectDependencies) = postProject
		{620A66B2-70ED-3FE1-A5F8-630FF2C57743} = {620A66B2-70ED-3FE1-A5F8-630FF2C57743}
		{ECF5BB16-CBF4-3D8D-82CD-15C33EED0DF8} = {ECF5BB16-CBF4-3D8D-82CD-15C33EED0DF8}
	EndProjectSection
EndProject
Project("{8BC9CEB8-8B4A-11D0-8D11-00A0C91BC942}") = "makedoc", "docs\makedoc.vcproj", "{1FE09514-67D2-3F6C-BC4C-BDCDDBBC4B3F}"
	ProjectSection(ProjectDependencies) = postProject
		{620A66B2-70ED-3FE1-A5F8-630FF2C57743} = {620A66B2-70ED-3FE1-A5F8-630FF2C57743}
	EndProjectSection
EndProject
Project("{8BC9CEB8-8B4A-11D0-8D11-00A0C91BC942}") = "mathtest", "tests\mathtest.vcproj", "{8B276E9A-3C9A-3D02-AF65-CE2398B1743C}"
	ProjectSection(ProjectDependencies) = postProject
		{620A66B2-70ED-3FE1-A5F8-630FF2C57743} = {620A66B2-70ED-3FE1-A5F8-630FF2C57743}
		{ECF5BB16-CBF4-3D8D-82CD-15C33EED0DF8} = {ECF5BB16-CBF4-3D8D-82CD-15C33EED0DF8}
	EndProjectSection
EndProject
Project("{8BC9CEB8-8B4A-11D0-8D11-00A0C91BC942}") = "miditest", "tests\miditest.vcproj", "{02D41E85-9998-311B-8A62-F608D6257264}"
	ProjectSection(ProjectDependencies) = postProject
		{620A66B2-70ED-3FE1-A5F8-630FF2C57743} = {620A66B2-70ED-3FE1-A5F8-630FF2C57743}
		{ECF5BB16-CBF4-3D8D-82CD-15C33EED0DF8} = {ECF5BB16-CBF4-3D8D-82CD-15C33EED0DF8}
	EndProjectSection
EndProject
Project("{8BC9CEB8-8B4A-11D0-8D11-00A0C91BC942}") = "pack", "tools\pack.vcproj", "{85AB14E3-6244-3F77-AAB6-17F532D7DC6C}"
	ProjectSection(ProjectDependencies) = postProject
		{620A66B2-70ED-3FE1-A5F8-630FF2C57743} = {620A66B2-70ED-3FE1-A5F8-630FF2C57743}
		{ECF5BB16-CBF4-3D8D-82CD-15C33EED0DF8} = {ECF5BB16-CBF4-3D8D-82CD-15C33EED0DF8}
	EndProjectSection
EndProject
Project("{8BC9CEB8-8B4A-11D0-8D11-00A0C91BC942}") = "pat2dat", "tools\pat2dat.vcproj", "{D12F482F-CDEB-3528-8223-09F4353B2006}"
	ProjectSection(ProjectDependencies) = postProject
		{620A66B2-70ED-3FE1-A5F8-630FF2C57743} = {620A66B2-70ED-3FE1-A5F8-630FF2C57743}
		{AB0E205E-E110-305A-8292-4A2750A7CFF3} = {AB0E205E-E110-305A-8292-4A2750A7CFF3}
		{ECF5BB16-CBF4-3D8D-82CD-15C33EED0DF8} = {ECF5BB16-CBF4-3D8D-82CD-15C33EED0DF8}
		{EA1AF515-EACC-34D6-8CBC-39569B0F0F56} = {EA1AF515-EACC-34D6-8CBC-39569B0F0F56}
	EndProjectSection
EndProject
Project("{8BC9CEB8-8B4A-11D0-8D11-00A0C91BC942}") = "play", "tests\play.vcproj", "{96A480C7-613B-3B2B-974F-21DA73060FE4}"
	ProjectSection(ProjectDependencies) = postProject
		{620A66B2-70ED-3FE1-A5F8-630FF2C57743} = {620A66B2-70ED-3FE1-A5F8-630FF2C57743}
		{ECF5BB16-CBF4-3D8D-82CD-15C33EED0DF8} = {ECF5BB16-CBF4-3D8D-82CD-15C33EED0DF8}
	EndProjectSection
EndProject
Project("{8BC9CEB8-8B4A-11D0-8D11-00A0C91BC942}") = "play_ogg", "addons\logg\play_ogg.vcproj", "{49FBF462-0DE9-3D8F-974F-E0FD782D53D9}"
	ProjectSection(ProjectDependencies) = postProject
		{620A66B2-70ED-3FE1-A5F8-630FF2C57743} = {620A66B2-70ED-3FE1-A5F8-630FF2C57743}
		{ECF5BB16-CBF4-3D8D-82CD-15C33EED0DF8} = {ECF5BB16-CBF4-3D8D-82CD-15C33EED0DF8}
		{43B6289E-98B6-34AC-9128-E0F82F0B1885} = {43B6289E-98B6-34AC-9128-E0F82F0B1885}
	EndProjectSection
EndProject
Project("{8BC9CEB8-8B4A-11D0-8D11-00A0C91BC942}") = "playfli", "tests\playfli.vcproj", "{F1F45D5A-6A84-320E-98FC-863525F4741F}"
	ProjectSection(ProjectDependencies) = postProject
		{620A66B2-70ED-3FE1-A5F8-630FF2C57743} = {620A66B2-70ED-3FE1-A5F8-630FF2C57743}
		{ECF5BB16-CBF4-3D8D-82CD-15C33EED0DF8} = {ECF5BB16-CBF4-3D8D-82CD-15C33EED0DF8}
	EndProjectSection
EndProject
Project("{8BC9CEB8-8B4A-11D0-8D11-00A0C91BC942}") = "rgbmap", "tools\rgbmap.vcproj", "{38A807D2-5C39-3A83-AFB2-87AA5D4DE047}"
	ProjectSection(ProjectDependencies) = postProject
		{620A66B2-70ED-3FE1-A5F8-630FF2C57743} = {620A66B2-70ED-3FE1-A5F8-630FF2C57743}
		{ECF5BB16-CBF4-3D8D-82CD-15C33EED0DF8} = {ECF5BB16-CBF4-3D8D-82CD-15C33EED0DF8}
	EndProjectSection
EndProject
Project("{8BC9CEB8-8B4A-11D0-8D11-00A0C91BC942}") = "scrsave", "tests\scrsave.vcproj", "{A8EF780D-B61F-3F65-B30A-0F06A4D2701E}"
	ProjectSection(ProjectDependencies) = postProject
		{620A66B2-70ED-3FE1-A5F8-630FF2C57743} = {620A66B2-70ED-3FE1-A5F8-630FF2C57743}
		{ECF5BB16-CBF4-3D8D-82CD-15C33EED0DF8} = {ECF5BB16-CBF4-3D8D-82CD-15C33EED0DF8}
	EndProjectSection
EndProject
Project("{8BC9CEB8-8B4A-11D0-8D11-00A0C91BC942}") = "setup", "setup\setup.vcproj", "{79AE3E13-9565-383D-9A71-57FF1C588563}"
	ProjectSection(ProjectDependencies) = postProject
		{620A66B2-70ED-3FE1-A5F8-630FF2C57743} = {620A66B2-70ED-3FE1-A5F8-630FF2C57743}
		{ECF5BB16-CBF4-3D8D-82CD-15C33EED0DF8} = {ECF5BB16-CBF4-3D8D-82CD-15C33EED0DF8}
	EndProjectSection
EndProject
Project("{8BC9CEB8-8B4A-11D0-8D11-00A0C91BC942}") = "shooter", "demos\shooter\shooter.vcproj", "{E1E9929A-3AE6-32A1-BC9F-D208F1102EE6}"
	ProjectSection(ProjectDependencies) = postProject
		{620A66B2-70ED-3FE1-A5F8-630FF2C57743} = {620A66B2-70ED-3FE1-A5F8-630FF2C57743}
		{ECF5BB16-CBF4-3D8D-82CD-15C33EED0DF8} = {ECF5BB16-CBF4-3D8D-82CD-15C33EED0DF8}
	EndProjectSection
EndProject
Project("{8BC9CEB8-8B4A-11D0-8D11-00A0C91BC942}") = "skater", "demos\skater\skater.vcproj", "{C954E0A6-680D-3C7A-89A0-67A85E4B391E}"
	ProjectSection(ProjectDependencies) = postProject
		{620A66B2-70ED-3FE1-A5F8-630FF2C57743} = {620A66B2-70ED-3FE1-A5F8-630FF2C57743}
		{ECF5BB16-CBF4-3D8D-82CD-15C33EED0DF8} = {ECF5BB16-CBF4-3D8D-82CD-15C33EED0DF8}
	EndProjectSection
EndProject
Project("{8BC9CEB8-8B4A-11D0-8D11-00A0C91BC942}") = "skater_agl", "demos\skater\skater_agl.vcproj", "{35D77D1B-D99C-3665-8D7F-7A9B6122B1EC}"
	ProjectSection(ProjectDependencies) = postProject
		{620A66B2-70ED-3FE1-A5F8-630FF2C57743} = {620A66B2-70ED-3FE1-A5F8-630FF2C57743}
		{ECF5BB16-CBF4-3D8D-82CD-15C33EED0DF8} = {ECF5BB16-CBF4-3D8D-82CD-15C33EED0DF8}
		{93C6A4ED-B784-3B2C-A264-AB7C03D6B5DE} = {93C6A4ED-B784-3B2C-A264-AB7C03D6B5DE}
	EndProjectSection
EndProject
Project("{8BC9CEB8-8B4A-11D0-8D11-00A0C91BC942}") = "stream_ogg", "addons\logg\stream_ogg.vcproj", "{0BB1BB38-AC23-3A3A-BAB5-A62EF75DE6B2}"
	ProjectSection(ProjectDependencies) = postProject
		{620A66B2-70ED-3FE1-A5F8-630FF2C57743} = {620A66B2-70ED-3FE1-A5F8-630FF2C57743}
		{ECF5BB16-CBF4-3D8D-82CD-15C33EED0DF8} = {ECF5BB16-CBF4-3D8D-82CD-15C33EED0DF8}
		{43B6289E-98B6-34AC-9128-E0F82F0B1885} = {43B6289E-98B6-34AC-9128-E0F82F0B1885}
	EndProjectSection
EndProject
Project("{8BC9CEB8-8B4A-11D0-8D11-00A0C91BC942}") = "test", "tests\test.vcproj", "{345DB1AE-EA3D-3D2D-9825-96F1CDD28644}"
	ProjectSection(ProjectDependencies) = postProject
		{620A66B2-70ED-3FE1-A5F8-630FF2C57743} = {620A66B2-70ED-3FE1-A5F8-630FF2C57743}
		{ECF5BB16-CBF4-3D8D-82CD-15C33EED0DF8} = {ECF5BB16-CBF4-3D8D-82CD-15C33EED0DF8}
	EndProjectSection
EndProject
Project("{8BC9CEB8-8B4A-11D0-8D11-00A0C91BC942}") = "test_agl", "addons\allegrogl\test_agl.vcproj", "{4D298DCA-135C-3925-8343-5EA25D06DAC5}"
	ProjectSection(ProjectDependencies) = postProject
		{620A66B2-70ED-3FE1-A5F8-630FF2C57743} = {620A66B2-70ED-3FE1-A5F8-630FF2C57743}
		{ECF5BB16-CBF4-3D8D-82CD-15C33EED0DF8} = {ECF5BB16-CBF4-3D8D-82CD-15C33EED0DF8}
		{93C6A4ED-B784-3B2C-A264-AB7C03D6B5DE} = {93C6A4ED-B784-3B2C-A264-AB7C03D6B5DE}
	EndProjectSection
EndProject
Project("{8BC9CEB8-8B4A-11D0-8D11-00A0C91BC942}") = "tex_agl", "addons\allegrogl\tex_agl.vcproj", "{236082EC-A813-3367-A841-452B4C49FAA3}"
	ProjectSection(ProjectDependencies) = postProject
		{620A66B2-70ED-3FE1-A5F8-630FF2C57743} = {620A66B2-70ED-3FE1-A5F8-630FF2C57743}
		{ECF5BB16-CBF4-3D8D-82CD-15C33EED0DF8} = {ECF5BB16-CBF4-3D8D-82CD-15C33EED0DF8}
		{93C6A4ED-B784-3B2C-A264-AB7C03D6B5DE} = {93C6A4ED-B784-3B2C-A264-AB7C03D6B5DE}
	EndProjectSection
EndProject
Project("{8BC9CEB8-8B4A-11D0-8D11-00A0C91BC942}") = "textconv", "tools\textconv.vcproj", "{C289EEBE-E5EE-3DD5-9C6E-2D87F61DB845}"
	ProjectSection(ProjectDependencies) = postProject
		{620A66B2-70ED-3FE1-A5F8-630FF2C57743} = {620A66B2-70ED-3FE1-A5F8-630FF2C57743}
		{ECF5BB16-CBF4-3D8D-82CD-15C33EED0DF8} = {ECF5BB16-CBF4-3D8D-82CD-15C33EED0DF8}
	EndProjectSection
EndProject
Project("{8BC9CEB8-8B4A-11D0-8D11-00A0C91BC942}") = "vesainfo", "tests\vesainfo.vcproj", "{C59F5FBD-7BE9-3342-89C4-BC0CB2927C30}"
	ProjectSection(ProjectDependencies) = postProject
		{620A66B2-70ED-3FE1-A5F8-630FF2C57743} = {620A66B2-70ED-3FE1-A5F8-630FF2C57743}
		{ECF5BB16-CBF4-3D8D-82CD-15C33EED0DF8} = {ECF5BB16-CBF4-3D8D-82CD-15C33EED0DF8}
	EndProjectSection
EndProject
Project("{8BC9CEB8-8B4A-11D0-8D11-00A0C91BC942}") = "wfixicon", "tools\wfixicon.vcproj", "{6679F4F4-8B5E-3D75-B43C-811A6CE3028E}"
	ProjectSection(ProjectDependencies) = postProject
		{620A66B2-70ED-3FE1-A5F8-630FF2C57743} = {620A66B2-70ED-3FE1-A5F8-630FF2C57743}
		{ECF5BB16-CBF4-3D8D-82CD-15C33EED0DF8} = {ECF5BB16-CBF4-3D8D-82CD-15C33EED0DF8}
	EndProjectSection
EndProject
Global
	GlobalSection(SolutionConfigurationPlatforms) = preSolution
		Release|Win32 = Release|Win32
	EndGlobalSection
	GlobalSection(ProjectConfigurationPlatforms) = postSolution
		{E3AA240D-FEBD-396B-B700-851189651767}.Release|Win32.ActiveCfg = Release|Win32
		{E3AA240D-FEBD-396B-B700-851189651767}.Release|Win32.Build.0 = Release|Win32
		{5D357D6B-8E18-3E18-B025-3B30BADFEB0F}.Release|Win32.ActiveCfg = Release|Win32
		{620A66B2-70ED-3FE1-A5F8-630FF2C57743}.Release|Win32.ActiveCfg = Release|Win32
		{620A66B2-70ED-3FE1-A5F8-630FF2C57743}.Release|Win32.Build.0 = Release|Win32
		{1EC52592-7420-381F-BAEF-3CD9FEE94D80}.Release|Win32.ActiveCfg = Release|Win32
		{1EC52592-7420-381F-BAEF-3CD9FEE94D80}.Release|Win32.Build.0 = Release|Win32
		{2FD095B6-7D65-351D-A58B-789B2CBEDEF7}.Release|Win32.ActiveCfg = Release|Win32
		{2FD095B6-7D65-351D-A58B-789B2CBEDEF7}.Release|Win32.Build.0 = Release|Win32
		{AB0E205E-E110-305A-8292-4A2750A7CFF3}.Release|Win32.ActiveCfg = Release|Win32
		{AB0E205E-E110-305A-8292-4A2750A7CFF3}.Release|Win32.Build.0 = Release|Win32
		{ECF5BB16-CBF4-3D8D-82CD-15C33EED0DF8}.Release|Win32.ActiveCfg = Release|Win32
		{ECF5BB16-CBF4-3D8D-82CD-15C33EED0DF8}.Release|Win32.Build.0 = Release|Win32
		{93C6A4ED-B784-3B2C-A264-AB7C03D6B5DE}.Release|Win32.ActiveCfg = Release|Win32
		{93C6A4ED-B784-3B2C-A264-AB7C03D6B5DE}.Release|Win32.Build.0 = Release|Win32
		{0164BB48-CD26-395E-8224-FE017EE05DE8}.Release|Win32.ActiveCfg = Release|Win32
		{0164BB48-CD26-395E-8224-FE017EE05DE8}.Release|Win32.Build.0 = Release|Win32
		{9B24FA7A-C9AE-327E-AA36-A32CB6097171}.Release|Win32.ActiveCfg = Release|Win32
		{9B24FA7A-C9AE-327E-AA36-A32CB6097171}.Release|Win32.Build.0 = Release|Win32
		{85FB92AE-AA9A-3929-B34B-5CECF0A002D9}.Release|Win32.ActiveCfg = Release|Win32
		{85FB92AE-AA9A-3929-B34B-5CECF0A002D9}.Release|Win32.Build.0 = Release|Win32
		{B6DD930A-4181-35E1-9CA4-C6FFC17FFC96}.Release|Win32.ActiveCfg = Release|Win32
		{B6DD930A-4181-35E1-9CA4-C6FFC17FFC96}.Release|Win32.Build.0 = Release|Win32
		{886E28E1-6B41-3613-A28E-C9B0DF82AD01}.Release|Win32.ActiveCfg = Release|Win32
		{886E28E1-6B41-3613-A28E-C9B0DF82AD01}.Release|Win32.Build.0 = Release|Win32
		{55788A22-809C-3E7B-8EE2-B0FFC19E846A}.Release|Win32.ActiveCfg = Release|Win32
		{55788A22-809C-3E7B-8EE2-B0FFC19E846A}.Release|Win32.Build.0 = Release|Win32
		{A1392989-6C37-3CBE-9933-3B6CE1214616}.Release|Win32.ActiveCfg = Release|Win32
		{A1392989-6C37-3CBE-9933-3B6CE1214616}.Release|Win32.Build.0 = Release|Win32
		{F691C362-6D6A-394F-B502-976624BAC5D7}.Release|Win32.ActiveCfg = Release|Win32
		{F691C362-6D6A-394F-B502-976624BAC5D7}.Release|Win32.Build.0 = Release|Win32
		{239B5B06-1E03-3361-910B-FE26FE9B1459}.Release|Win32.ActiveCfg = Release|Win32
		{239B5B06-1E03-3361-910B-FE26FE9B1459}.Release|Win32.Build.0 = Release|Win32
		{993B50A2-6D5D-32CB-93C0-F882CF3D5984}.Release|Win32.ActiveCfg = Release|Win32
		{993B50A2-6D5D-32CB-93C0-F882CF3D5984}.Release|Win32.Build.0 = Release|Win32
		{D5F3310D-6043-3665-A144-A9DF9B5DD48D}.Release|Win32.ActiveCfg = Release|Win32
		{D5F3310D-6043-3665-A144-A9DF9B5DD48D}.Release|Win32.Build.0 = Release|Win32
		{BF2BC4A1-5987-350E-B545-80F84EC42B16}.Release|Win32.ActiveCfg = Release|Win32
		{BF2BC4A1-5987-350E-B545-80F84EC42B16}.Release|Win32.Build.0 = Release|Win32
		{80791B6E-302B-34C8-869B-4FF1E164B7D2}.Release|Win32.ActiveCfg = Release|Win32
		{80791B6E-302B-34C8-869B-4FF1E164B7D2}.Release|Win32.Build.0 = Release|Win32
		{D0239CFB-916B-3AE6-B97E-278C5C2D4220}.Release|Win32.ActiveCfg = Release|Win32
		{D0239CFB-916B-3AE6-B97E-278C5C2D4220}.Release|Win32.Build.0 = Release|Win32
		{B066632D-1F44-35DD-8DEB-E11AB760D62C}.Release|Win32.ActiveCfg = Release|Win32
		{B066632D-1F44-35DD-8DEB-E11AB760D62C}.Release|Win32.Build.0 = Release|Win32
		{323AB3C1-DE6C-3BD5-91A6-7E8EF9A9DCDE}.Release|Win32.ActiveCfg = Release|Win32
		{323AB3C1-DE6C-3BD5-91A6-7E8EF9A9DCDE}.Release|Win32.Build.0 = Release|Win32
		{107849F0-644D-3DE2-84D9-8D3CF1413E2B}.Release|Win32.ActiveCfg = Release|Win32
		{107849F0-644D-3DE2-84D9-8D3CF1413E2B}.Release|Win32.Build.0 = Release|Win32
		{A2DA5B2B-8BDD-3685-BFC7-8540B5DDB625}.Release|Win32.ActiveCfg = Release|Win32
		{A2DA5B2B-8BDD-3685-BFC7-8540B5DDB625}.Release|Win32.Build.0 = Release|Win32
		{963022AC-5C71-39BD-AC90-5F028C0DCE8A}.Release|Win32.ActiveCfg = Release|Win32
		{963022AC-5C71-39BD-AC90-5F028C0DCE8A}.Release|Win32.Build.0 = Release|Win32
		{6B926CDE-6257-3D96-BAEC-5A8195ABE87E}.Release|Win32.ActiveCfg = Release|Win32
		{6B926CDE-6257-3D96-BAEC-5A8195ABE87E}.Release|Win32.Build.0 = Release|Win32
		{84712024-D7E2-3298-9C3C-30C334F94BE1}.Release|Win32.ActiveCfg = Release|Win32
		{84712024-D7E2-3298-9C3C-30C334F94BE1}.Release|Win32.Build.0 = Release|Win32
		{69677B9E-DA15-3B66-BF87-7A1C9CFCB367}.Release|Win32.ActiveCfg = Release|Win32
		{69677B9E-DA15-3B66-BF87-7A1C9CFCB367}.Release|Win32.Build.0 = Release|Win32
		{893F0968-4F42-37AB-AC4A-51D61A3633C2}.Release|Win32.ActiveCfg = Release|Win32
		{893F0968-4F42-37AB-AC4A-51D61A3633C2}.Release|Win32.Build.0 = Release|Win32
		{26E415D2-C699-35B7-B736-FC018EAF80A4}.Release|Win32.ActiveCfg = Release|Win32
		{26E415D2-C699-35B7-B736-FC018EAF80A4}.Release|Win32.Build.0 = Release|Win32
		{D862492B-D38A-3349-9856-0FEE731120E2}.Release|Win32.ActiveCfg = Release|Win32
		{D862492B-D38A-3349-9856-0FEE731120E2}.Release|Win32.Build.0 = Release|Win32
		{F06A1F92-AC91-32DA-BBB8-F048E798AB04}.Release|Win32.ActiveCfg = Release|Win32
		{F06A1F92-AC91-32DA-BBB8-F048E798AB04}.Release|Win32.Build.0 = Release|Win32
		{0F8F81BD-5210-3D29-BB3F-F21697C6CCF7}.Release|Win32.ActiveCfg = Release|Win32
		{0F8F81BD-5210-3D29-BB3F-F21697C6CCF7}.Release|Win32.Build.0 = Release|Win32
		{050B374C-B4EF-3584-B25A-3163B526BC9C}.Release|Win32.ActiveCfg = Release|Win32
		{050B374C-B4EF-3584-B25A-3163B526BC9C}.Release|Win32.Build.0 = Release|Win32
		{07703E3D-F8AA-3D16-87C4-7C9A7998526A}.Release|Win32.ActiveCfg = Release|Win32
		{07703E3D-F8AA-3D16-87C4-7C9A7998526A}.Release|Win32.Build.0 = Release|Win32
		{969CF888-83D3-35CA-8D7E-79BD25BDA125}.Release|Win32.ActiveCfg = Release|Win32
		{969CF888-83D3-35CA-8D7E-79BD25BDA125}.Release|Win32.Build.0 = Release|Win32
		{26CC50CA-18A4-30FA-BBD1-3D9EEE3E3121}.Release|Win32.ActiveCfg = Release|Win32
		{26CC50CA-18A4-30FA-BBD1-3D9EEE3E3121}.Release|Win32.Build.0 = Release|Win32
		{5A3F3638-BE25-3503-891C-901FF6A5D89D}.Release|Win32.ActiveCfg = Release|Win32
		{5A3F3638-BE25-3503-891C-901FF6A5D89D}.Release|Win32.Build.0 = Release|Win32
		{307A758E-EECD-38BA-881A-F80DA99C5E3C}.Release|Win32.ActiveCfg = Release|Win32
		{307A758E-EECD-38BA-881A-F80DA99C5E3C}.Release|Win32.Build.0 = Release|Win32
		{F19B2BF0-DAC8-391C-970A-9F5DD9915322}.Release|Win32.ActiveCfg = Release|Win32
		{F19B2BF0-DAC8-391C-970A-9F5DD9915322}.Release|Win32.Build.0 = Release|Win32
		{F892037B-6B46-3DDC-B2E5-3886B92CE400}.Release|Win32.ActiveCfg = Release|Win32
		{F892037B-6B46-3DDC-B2E5-3886B92CE400}.Release|Win32.Build.0 = Release|Win32
		{AE6D7631-8564-3E8B-AB54-09F6BC5C1559}.Release|Win32.ActiveCfg = Release|Win32
		{AE6D7631-8564-3E8B-AB54-09F6BC5C1559}.Release|Win32.Build.0 = Release|Win32
		{51413443-D329-39BF-ACB0-41BEA0C0F657}.Release|Win32.ActiveCfg = Release|Win32
		{51413443-D329-39BF-ACB0-41BEA0C0F657}.Release|Win32.Build.0 = Release|Win32
		{5591C043-08D5-389B-899B-0BF6BD264B8E}.Release|Win32.ActiveCfg = Release|Win32
		{5591C043-08D5-389B-899B-0BF6BD264B8E}.Release|Win32.Build.0 = Release|Win32
		{0D11ACC6-FD7B-37CD-B729-F48A3F46A3FA}.Release|Win32.ActiveCfg = Release|Win32
		{0D11ACC6-FD7B-37CD-B729-F48A3F46A3FA}.Release|Win32.Build.0 = Release|Win32
		{A76DDB2F-29C7-37FB-A339-0EB3D5281AA8}.Release|Win32.ActiveCfg = Release|Win32
		{A76DDB2F-29C7-37FB-A339-0EB3D5281AA8}.Release|Win32.Build.0 = Release|Win32
		{372B291F-BFC6-3C54-8F53-399192C68625}.Release|Win32.ActiveCfg = Release|Win32
		{372B291F-BFC6-3C54-8F53-399192C68625}.Release|Win32.Build.0 = Release|Win32
		{D1B85ECB-1494-350C-9215-B8BA02DC2433}.Release|Win32.ActiveCfg = Release|Win32
		{D1B85ECB-1494-350C-9215-B8BA02DC2433}.Release|Win32.Build.0 = Release|Win32
		{72913690-D8AA-31EF-A814-6FE1EA16FB8D}.Release|Win32.ActiveCfg = Release|Win32
		{72913690-D8AA-31EF-A814-6FE1EA16FB8D}.Release|Win32.Build.0 = Release|Win32
		{E15B05E4-A1DE-32DB-ABB4-69D7CDDB6FD0}.Release|Win32.ActiveCfg = Release|Win32
		{E15B05E4-A1DE-32DB-ABB4-69D7CDDB6FD0}.Release|Win32.Build.0 = Release|Win32
		{E878A7A3-AA7E-3D0A-887E-3725EA3AF44F}.Release|Win32.ActiveCfg = Release|Win32
		{E878A7A3-AA7E-3D0A-887E-3725EA3AF44F}.Release|Win32.Build.0 = Release|Win32
		{4DE5961B-5AE6-3C52-86D7-80BE54CDDE2B}.Release|Win32.ActiveCfg = Release|Win32
		{4DE5961B-5AE6-3C52-86D7-80BE54CDDE2B}.Release|Win32.Build.0 = Release|Win32
		{21EEE6CC-E6BE-337E-BA3B-0758BACDF94D}.Release|Win32.ActiveCfg = Release|Win32
		{21EEE6CC-E6BE-337E-BA3B-0758BACDF94D}.Release|Win32.Build.0 = Release|Win32
		{10A6F01D-D81F-36FC-B7FD-86AAA5B8F655}.Release|Win32.ActiveCfg = Release|Win32
		{10A6F01D-D81F-36FC-B7FD-86AAA5B8F655}.Release|Win32.Build.0 = Release|Win32
		{C1D95980-2B70-3027-A32C-CF534121DB9D}.Release|Win32.ActiveCfg = Release|Win32
		{C1D95980-2B70-3027-A32C-CF534121DB9D}.Release|Win32.Build.0 = Release|Win32
		{29DEA1A0-1F9A-3DD6-BC01-FC18FFE83959}.Release|Win32.ActiveCfg = Release|Win32
		{29DEA1A0-1F9A-3DD6-BC01-FC18FFE83959}.Release|Win32.Build.0 = Release|Win32
		{B5446D15-99C3-3652-932E-E1AAE82E2384}.Release|Win32.ActiveCfg = Release|Win32
		{B5446D15-99C3-3652-932E-E1AAE82E2384}.Release|Win32.Build.0 = Release|Win32
		{1EE658CF-6C4B-3153-89B9-3520AEB2FB84}.Release|Win32.ActiveCfg = Release|Win32
		{1EE658CF-6C4B-3153-89B9-3520AEB2FB84}.Release|Win32.Build.0 = Release|Win32
		{65141A5A-782A-308E-A00E-51DEB162811F}.Release|Win32.ActiveCfg = Release|Win32
		{65141A5A-782A-308E-A00E-51DEB162811F}.Release|Win32.Build.0 = Release|Win32
		{D6B359DA-95B5-3698-893A-0F226C5E44EB}.Release|Win32.ActiveCfg = Release|Win32
		{D6B359DA-95B5-3698-893A-0F226C5E44EB}.Release|Win32.Build.0 = Release|Win32
		{03A586F8-9AB2-3C07-9813-B4D040D618ED}.Release|Win32.ActiveCfg = Release|Win32
		{03A586F8-9AB2-3C07-9813-B4D040D618ED}.Release|Win32.Build.0 = Release|Win32
		{47E404F5-741E-3769-9888-A1CD90A55DE4}.Release|Win32.ActiveCfg = Release|Win32
		{47E404F5-741E-3769-9888-A1CD90A55DE4}.Release|Win32.Build.0 = Release|Win32
		{CC8A67BB-AF90-3E1E-A63B-C17FC59FD134}.Release|Win32.ActiveCfg = Release|Win32
		{CC8A67BB-AF90-3E1E-A63B-C17FC59FD134}.Release|Win32.Build.0 = Release|Win32
		{831A084A-BA94-36CA-867D-CE351FCBF066}.Release|Win32.ActiveCfg = Release|Win32
		{831A084A-BA94-36CA-867D-CE351FCBF066}.Release|Win32.Build.0 = Release|Win32
		{9F18E7B5-D479-3EFC-B5BD-E6A076CC7169}.Release|Win32.ActiveCfg = Release|Win32
		{9F18E7B5-D479-3EFC-B5BD-E6A076CC7169}.Release|Win32.Build.0 = Release|Win32
		{BA4821A5-DA2A-3010-8CB0-47C8F8016733}.Release|Win32.ActiveCfg = Release|Win32
		{BA4821A5-DA2A-3010-8CB0-47C8F8016733}.Release|Win32.Build.0 = Release|Win32
		{246589E7-AF49-357C-8282-6999A2825D16}.Release|Win32.ActiveCfg = Release|Win32
		{246589E7-AF49-357C-8282-6999A2825D16}.Release|Win32.Build.0 = Release|Win32
		{486D6B24-6AA9-33B5-B274-9F5FBCB2C0AA}.Release|Win32.ActiveCfg = Release|Win32
		{486D6B24-6AA9-33B5-B274-9F5FBCB2C0AA}.Release|Win32.Build.0 = Release|Win32
		{9032D030-0482-37E3-9FB9-E28CE5369800}.Release|Win32.ActiveCfg = Release|Win32
		{9032D030-0482-37E3-9FB9-E28CE5369800}.Release|Win32.Build.0 = Release|Win32
		{E626010D-0802-3415-BBD6-C653B8B4024B}.Release|Win32.ActiveCfg = Release|Win32
		{E626010D-0802-3415-BBD6-C653B8B4024B}.Release|Win32.Build.0 = Release|Win32
		{D71CC50E-040D-3344-AB36-6BDD7986B73B}.Release|Win32.ActiveCfg = Release|Win32
		{D71CC50E-040D-3344-AB36-6BDD7986B73B}.Release|Win32.Build.0 = Release|Win32
		{43023B6C-B2AA-3416-A616-82E4FE3F9467}.Release|Win32.ActiveCfg = Release|Win32
		{43023B6C-B2AA-3416-A616-82E4FE3F9467}.Release|Win32.Build.0 = Release|Win32
		{0EB3AEAB-E8CC-3429-9E52-E483DEFC209E}.Release|Win32.ActiveCfg = Release|Win32
		{0EB3AEAB-E8CC-3429-9E52-E483DEFC209E}.Release|Win32.Build.0 = Release|Win32
		{97D34D9E-0516-35B9-85CC-3809223B3701}.Release|Win32.ActiveCfg = Release|Win32
		{97D34D9E-0516-35B9-85CC-3809223B3701}.Release|Win32.Build.0 = Release|Win32
		{8725FCC3-B74C-32D4-9E96-ECB85530EA1E}.Release|Win32.ActiveCfg = Release|Win32
		{8725FCC3-B74C-32D4-9E96-ECB85530EA1E}.Release|Win32.Build.0 = Release|Win32
		{E3F56F55-5D05-38F2-9E0F-3DF1BABC39C5}.Release|Win32.ActiveCfg = Release|Win32
		{E3F56F55-5D05-38F2-9E0F-3DF1BABC39C5}.Release|Win32.Build.0 = Release|Win32
		{DCE53B9F-B1CA-352D-9CAB-3B2D3EC06AF1}.Release|Win32.ActiveCfg = Release|Win32
		{DCE53B9F-B1CA-352D-9CAB-3B2D3EC06AF1}.Release|Win32.Build.0 = Release|Win32
		{0BF63B13-B077-377A-8725-D31C260907BF}.Release|Win32.ActiveCfg = Release|Win32
		{0BF63B13-B077-377A-8725-D31C260907BF}.Release|Win32.Build.0 = Release|Win32
		{A0C30617-3F1D-3F29-9181-1C40192BB174}.Release|Win32.ActiveCfg = Release|Win32
		{A0C30617-3F1D-3F29-9181-1C40192BB174}.Release|Win32.Build.0 = Release|Win32
		{F5F74DFF-8700-3515-909E-DCD389ED4B2F}.Release|Win32.ActiveCfg = Release|Win32
		{F5F74DFF-8700-3515-909E-DCD389ED4B2F}.Release|Win32.Build.0 = Release|Win32
		{1B55FE62-12C9-32B2-9F04-E2D2B99452B2}.Release|Win32.ActiveCfg = Release|Win32
		{1B55FE62-12C9-32B2-9F04-E2D2B99452B2}.Release|Win32.Build.0 = Release|Win32
		{D2A025F1-8A43-3A4F-A1F9-203E43889170}.Release|Win32.ActiveCfg = Release|Win32
		{D2A025F1-8A43-3A4F-A1F9-203E43889170}.Release|Win32.Build.0 = Release|Win32
		{5BDC343A-6684-33CF-A743-52129915E450}.Release|Win32.ActiveCfg = Release|Win32
		{5BDC343A-6684-33CF-A743-52129915E450}.Release|Win32.Build.0 = Release|Win32
		{BF8B698A-90D9-3E93-902F-CBC22C951F9C}.Release|Win32.ActiveCfg = Release|Win32
		{BF8B698A-90D9-3E93-902F-CBC22C951F9C}.Release|Win32.Build.0 = Release|Win32
		{8C07256D-BD09-3226-AA66-A87A3B59241D}.Release|Win32.ActiveCfg = Release|Win32
		{8C07256D-BD09-3226-AA66-A87A3B59241D}.Release|Win32.Build.0 = Release|Win32
		{35F6D61D-280E-39A2-8761-19678E4A6BBE}.Release|Win32.ActiveCfg = Release|Win32
		{35F6D61D-280E-39A2-8761-19678E4A6BBE}.Release|Win32.Build.0 = Release|Win32
		{E1B8B9DE-A142-3F61-BCFE-94F90A40B8C4}.Release|Win32.ActiveCfg = Release|Win32
		{E1B8B9DE-A142-3F61-BCFE-94F90A40B8C4}.Release|Win32.Build.0 = Release|Win32
		{7F7EFB73-E15A-3D81-87B9-B696297842ED}.Release|Win32.ActiveCfg = Release|Win32
		{7F7EFB73-E15A-3D81-87B9-B696297842ED}.Release|Win32.Build.0 = Release|Win32
		{C9E785B5-28D1-393C-9D93-F95F7AD5E45F}.Release|Win32.ActiveCfg = Release|Win32
		{C9E785B5-28D1-393C-9D93-F95F7AD5E45F}.Release|Win32.Build.0 = Release|Win32
		{D755168D-158B-3569-B29B-67CC4A2C21FF}.Release|Win32.ActiveCfg = Release|Win32
		{D755168D-158B-3569-B29B-67CC4A2C21FF}.Release|Win32.Build.0 = Release|Win32
		{2C28C6DC-4876-3FE7-978E-12BFA44B2D55}.Release|Win32.ActiveCfg = Release|Win32
		{2C28C6DC-4876-3FE7-978E-12BFA44B2D55}.Release|Win32.Build.0 = Release|Win32
		{DF06B116-477C-3433-B98D-501B97DB1589}.Release|Win32.ActiveCfg = Release|Win32
		{DF06B116-477C-3433-B98D-501B97DB1589}.Release|Win32.Build.0 = Release|Win32
		{210BD414-8196-3ABE-932A-AEA17A1BB9B6}.Release|Win32.ActiveCfg = Release|Win32
		{210BD414-8196-3ABE-932A-AEA17A1BB9B6}.Release|Win32.Build.0 = Release|Win32
		{EA1AF515-EACC-34D6-8CBC-39569B0F0F56}.Release|Win32.ActiveCfg = Release|Win32
		{EA1AF515-EACC-34D6-8CBC-39569B0F0F56}.Release|Win32.Build.0 = Release|Win32
		{80F9D4EB-0BF1-36E2-8A89-0D55D7FF4C26}.Release|Win32.ActiveCfg = Release|Win32
		{80F9D4EB-0BF1-36E2-8A89-0D55D7FF4C26}.Release|Win32.Build.0 = Release|Win32
		{18928553-6793-349A-BAE7-EA5C837A450B}.Release|Win32.ActiveCfg = Release|Win32
		{18928553-6793-349A-BAE7-EA5C837A450B}.Release|Win32.Build.0 = Release|Win32
		{43B6289E-98B6-34AC-9128-E0F82F0B1885}.Release|Win32.ActiveCfg = Release|Win32
		{43B6289E-98B6-34AC-9128-E0F82F0B1885}.Release|Win32.Build.0 = Release|Win32
		{1FE09514-67D2-3F6C-BC4C-BDCDDBBC4B3F}.Release|Win32.ActiveCfg = Release|Win32
		{1FE09514-67D2-3F6C-BC4C-BDCDDBBC4B3F}.Release|Win32.Build.0 = Release|Win32
		{8B276E9A-3C9A-3D02-AF65-CE2398B1743C}.Release|Win32.ActiveCfg = Release|Win32
		{8B276E9A-3C9A-3D02-AF65-CE2398B1743C}.Release|Win32.Build.0 = Release|Win32
		{02D41E85-9998-311B-8A62-F608D6257264}.Release|Win32.ActiveCfg = Release|Win32
		{02D41E85-9998-311B-8A62-F608D6257264}.Release|Win32.Build.0 = Release|Win32
		{85AB14E3-6244-3F77-AAB6-17F532D7DC6C}.Release|Win32.ActiveCfg = Release|Win32
		{85AB14E3-6244-3F77-AAB6-17F532D7DC6C}.Release|Win32.Build.0 = Release|Win32
		{D12F482F-CDEB-3528-8223-09F4353B2006}.Release|Win32.ActiveCfg = Release|Win32
		{D12F482F-CDEB-3528-8223-09F4353B2006}.Release|Win32.Build.0 = Release|Win32
		{96A480C7-613B-3B2B-974F-21DA73060FE4}.Release|Win32.ActiveCfg = Release|Win32
		{96A480C7-613B-3B2B-974F-21DA73060FE4}.Release|Win32.Build.0 = Release|Win32
		{49FBF462-0DE9-3D8F-974F-E0FD782D53D9}.Release|Win32.ActiveCfg = Release|Win32
		{49FBF462-0DE9-3D8F-974F-E0FD782D53D9}.Release|Win32.Build.0 = Release|Win32
		{F1F45D5A-6A84-320E-98FC-863525F4741F}.Release|Win32.ActiveCfg = Release|Win32
		{F1F45D5A-6A84-320E-98FC-863525F4741F}.Release|Win32.Build.0 = Release|Win32
		{38A807D2-5C39-3A83-AFB2-87AA5D4DE047}.Release|Win32.ActiveCfg = Release|Win32
		{38A807D2-5C39-3A83-AFB2-87AA5D4DE047}.Release|Win32.Build.0 = Release|Win32
		{A8EF780D-B61F-3F65-B30A-0F06A4D2701E}.Release|Win32.ActiveCfg = Release|Win32
		{A8EF780D-B61F-3F65-B30A-0F06A4D2701E}.Release|Win32.Build.0 = Release|Win32
		{79AE3E13-9565-383D-9A71-57FF1C588563}.Release|Win32.ActiveCfg = Release|Win32
		{79AE3E13-9565-383D-9A71-57FF1C588563}.Release|Win32.Build.0 = Release|Win32
		{E1E9929A-3AE6-32A1-BC9F-D208F1102EE6}.Release|Win32.ActiveCfg = Release|Win32
		{E1E9929A-3AE6-32A1-BC9F-D208F1102EE6}.Release|Win32.Build.0 = Release|Win32
		{C954E0A6-680D-3C7A-89A0-67A85E4B391E}.Release|Win32.ActiveCfg = Release|Win32
		{C954E0A6-680D-3C7A-89A0-67A85E4B391E}.Release|Win32.Build.0 = Release|Win32
		{35D77D1B-D99C-3665-8D7F-7A9B6122B1EC}.Release|Win32.ActiveCfg = Release|Win32
		{35D77D1B-D99C-3665-8D7F-7A9B6122B1EC}.Release|Win32.Build.0 = Release|Win32
		{0BB1BB38-AC23-3A3A-BAB5-A62EF75DE6B2}.Release|Win32.ActiveCfg = Release|Win32
		{0BB1BB38-AC23-3A3A-BAB5-A62EF75DE6B2}.Release|Win32.Build.0 = Release|Win32
		{345DB1AE-EA3D-3D2D-9825-96F1CDD28644}.Release|Win32.ActiveCfg = Release|Win32
		{345DB1AE-EA3D-3D2D-9825-96F1CDD28644}.Release|Win32.Build.0 = Release|Win32
		{4D298DCA-135C-3925-8343-5EA25D06DAC5}.Release|Win32.ActiveCfg = Release|Win32
		{4D298DCA-135C-3925-8343-5EA25D06DAC5}.Release|Win32.Build.0 = Release|Win32
		{236082EC-A813-3367-A841-452B4C49FAA3}.Release|Win32.ActiveCfg = Release|Win32
		{236082EC-A813-3367-A841-452B4C49FAA3}.Release|Win32.Build.0 = Release|Win32
		{C289EEBE-E5EE-3DD5-9C6E-2D87F61DB845}.Release|Win32.ActiveCfg = Release|Win32
		{C289EEBE-E5EE-3DD5-9C6E-2D87F61DB845}.Release|Win32.Build.0 = Release|Win32
		{C59F5FBD-7BE9-3342-89C4-BC0CB2927C30}.Release|Win32.ActiveCfg = Release|Win32
		{C59F5FBD-7BE9-3342-89C4-BC0CB2927C30}.Release|Win32.Build.0 = Release|Win32
		{6679F4F4-8B5E-3D75-B43C-811A6CE3028E}.Release|Win32.ActiveCfg = Release|Win32
		{6679F4F4-8B5E-3D75-B43C-811A6CE3028E}.Release|Win32.Build.0 = Release|Win32
	EndGlobalSection
	GlobalSection(ExtensibilityGlobals) = postSolution
		SolutionGuid = {19021098-111C-33A6-A953-0107C94DC260}
	EndGlobalSection
	GlobalSection(ExtensibilityAddIns) = postSolution
	EndGlobalSection
EndGlobal
